// !$*UTF8*$!
{
	archiveVersion = 1;
	classes = {
	};
	objectVersion = 55;
	objects = {

/* Begin PBXBuildFile section */
		67329D07284FF44C00B37379 /* HTTPClientStub.swift in Sources */ = {isa = PBXBuildFile; fileRef = 67329D06284FF44C00B37379 /* HTTPClientStub.swift */; };
		67329D09284FF4B300B37379 /* InMemoryFeedStore.swift in Sources */ = {isa = PBXBuildFile; fileRef = 67329D08284FF4B300B37379 /* InMemoryFeedStore.swift */; };
		6779CA2F28498A4400BE57BF /* VKFeedAppTestsHelpers.swift in Sources */ = {isa = PBXBuildFile; fileRef = 6779CA2E28498A4400BE57BF /* VKFeedAppTestsHelpers.swift */; };
		677B841C2856A0890072495E /* CombineHelpers.swift in Sources */ = {isa = PBXBuildFile; fileRef = 677B841B2856A0890072495E /* CombineHelpers.swift */; };
		6796BE902856417C00FAA0DE /* SceneDelegateTests.swift in Sources */ = {isa = PBXBuildFile; fileRef = 6796BE8F2856417C00FAA0DE /* SceneDelegateTests.swift */; };
		679937DE2848330C00D2ECB0 /* VKFeed.framework in Frameworks */ = {isa = PBXBuildFile; fileRef = 679937DD2848330C00D2ECB0 /* VKFeed.framework */; };
		679937DF2848330C00D2ECB0 /* VKFeed.framework in Embed Frameworks */ = {isa = PBXBuildFile; fileRef = 679937DD2848330C00D2ECB0 /* VKFeed.framework */; settings = {ATTRIBUTES = (CodeSignOnCopy, RemoveHeadersOnCopy, ); }; };
		679937E22848331000D2ECB0 /* VKFeediOS.framework in Frameworks */ = {isa = PBXBuildFile; fileRef = 679937E12848331000D2ECB0 /* VKFeediOS.framework */; };
		679937E32848331000D2ECB0 /* VKFeediOS.framework in Embed Frameworks */ = {isa = PBXBuildFile; fileRef = 679937E12848331000D2ECB0 /* VKFeediOS.framework */; settings = {ATTRIBUTES = (CodeSignOnCopy, RemoveHeadersOnCopy, ); }; };
		679B09892878FF630031C1E4 /* NullStore.swift in Sources */ = {isa = PBXBuildFile; fileRef = 679B09882878FF630031C1E4 /* NullStore.swift */; };
		67B41FB6284EB21300CCE9D6 /* FeedAcceptanceTests.swift in Sources */ = {isa = PBXBuildFile; fileRef = 67B41FB4284EAE7A00CCE9D6 /* FeedAcceptanceTests.swift */; };
		67B41FBE284EB52400CCE9D6 /* FeedViewAdapter.swift in Sources */ = {isa = PBXBuildFile; fileRef = 67B41FBB284EB52300CCE9D6 /* FeedViewAdapter.swift */; };
		67B41FBF284EB52400CCE9D6 /* WeakRefVirtualProxy.swift in Sources */ = {isa = PBXBuildFile; fileRef = 67B41FBA284EB52300CCE9D6 /* WeakRefVirtualProxy.swift */; };
		67B41FC0284EB52400CCE9D6 /* FeedUIComposer.swift in Sources */ = {isa = PBXBuildFile; fileRef = 67B41FB9284EB52300CCE9D6 /* FeedUIComposer.swift */; };
		67B41FC2284EB52400CCE9D6 /* LoadResourcePresentationAdapter.swift in Sources */ = {isa = PBXBuildFile; fileRef = 67B41FBC284EB52300CCE9D6 /* LoadResourcePresentationAdapter.swift */; };
		67B41FCD284EB55B00CCE9D6 /* SharedTestsHelpers.swift in Sources */ = {isa = PBXBuildFile; fileRef = 67B41FCA284EB55A00CCE9D6 /* SharedTestsHelpers.swift */; };
		67B41FCE284EB55B00CCE9D6 /* FeedUIIntegrationTests+LoaderSpy.swift in Sources */ = {isa = PBXBuildFile; fileRef = 67B41FC3284EB55900CCE9D6 /* FeedUIIntegrationTests+LoaderSpy.swift */; };
		67B41FCF284EB55B00CCE9D6 /* FeedImageCell+TestHelpers.swift in Sources */ = {isa = PBXBuildFile; fileRef = 67B41FC6284EB55A00CCE9D6 /* FeedImageCell+TestHelpers.swift */; };
		67B41FD0284EB55B00CCE9D6 /* UIRefreshControl+TestHelpers.swift in Sources */ = {isa = PBXBuildFile; fileRef = 67B41FCB284EB55A00CCE9D6 /* UIRefreshControl+TestHelpers.swift */; };
		67B41FD1284EB55B00CCE9D6 /* UIButton+TestHelpers.swift in Sources */ = {isa = PBXBuildFile; fileRef = 67B41FC4284EB55900CCE9D6 /* UIButton+TestHelpers.swift */; };
		67B41FD2284EB55B00CCE9D6 /* ListViewController+TestHelpers.swift in Sources */ = {isa = PBXBuildFile; fileRef = 67B41FC8284EB55A00CCE9D6 /* ListViewController+TestHelpers.swift */; };
		67B41FD3284EB55B00CCE9D6 /* FeedUIIntegrationTests+Assertions.swift in Sources */ = {isa = PBXBuildFile; fileRef = 67B41FC9284EB55A00CCE9D6 /* FeedUIIntegrationTests+Assertions.swift */; };
		67B41FD4284EB55B00CCE9D6 /* UIControl+TestHelpers.swift in Sources */ = {isa = PBXBuildFile; fileRef = 67B41FC7284EB55A00CCE9D6 /* UIControl+TestHelpers.swift */; };
		67B41FD6284EB57200CCE9D6 /* FeedUIIntegrationTests.swift in Sources */ = {isa = PBXBuildFile; fileRef = 67B41FD5284EB57200CCE9D6 /* FeedUIIntegrationTests.swift */; };
		67C3B6BD28482E39004206B8 /* AppDelegate.swift in Sources */ = {isa = PBXBuildFile; fileRef = 67C3B6BC28482E39004206B8 /* AppDelegate.swift */; };
		67C3B6BF28482E39004206B8 /* SceneDelegate.swift in Sources */ = {isa = PBXBuildFile; fileRef = 67C3B6BE28482E39004206B8 /* SceneDelegate.swift */; };
		67C3B6C628482E3D004206B8 /* Assets.xcassets in Resources */ = {isa = PBXBuildFile; fileRef = 67C3B6C528482E3D004206B8 /* Assets.xcassets */; };
		67C3B6C928482E3D004206B8 /* LaunchScreen.storyboard in Resources */ = {isa = PBXBuildFile; fileRef = 67C3B6C728482E3D004206B8 /* LaunchScreen.storyboard */; };
		67C6B21A286A2F94003F6669 /* CommentsUIIntegrationTests.swift in Sources */ = {isa = PBXBuildFile; fileRef = 67C6B219286A2F94003F6669 /* CommentsUIIntegrationTests.swift */; };
		67C6B21C286A3354003F6669 /* CommentsUIComposer.swift in Sources */ = {isa = PBXBuildFile; fileRef = 67C6B21B286A3354003F6669 /* CommentsUIComposer.swift */; };
		67D6695428514B3000E8AEEA /* UIImage+TestHelpers.swift in Sources */ = {isa = PBXBuildFile; fileRef = 67D6695328514B2F00E8AEEA /* UIImage+TestHelpers.swift */; };
		67D6695E2851687A00E8AEEA /* UIView+TestHelpers.swift in Sources */ = {isa = PBXBuildFile; fileRef = 67D6695D2851687A00E8AEEA /* UIView+TestHelpers.swift */; };
/* End PBXBuildFile section */

/* Begin PBXContainerItemProxy section */
		67C3B6D028482E3D004206B8 /* PBXContainerItemProxy */ = {
			isa = PBXContainerItemProxy;
			containerPortal = 67C3B6B128482E39004206B8 /* Project object */;
			proxyType = 1;
			remoteGlobalIDString = 67C3B6B828482E39004206B8;
			remoteInfo = VKFeedApp;
		};
		67F148B1284C002300304B49 /* PBXContainerItemProxy */ = {
			isa = PBXContainerItemProxy;
			containerPortal = 67C3B6B128482E39004206B8 /* Project object */;
			proxyType = 1;
			remoteGlobalIDString = 67C3B6B828482E39004206B8;
			remoteInfo = VKFeedApp;
		};
/* End PBXContainerItemProxy section */

/* Begin PBXCopyFilesBuildPhase section */
		679937E02848330D00D2ECB0 /* Embed Frameworks */ = {
			isa = PBXCopyFilesBuildPhase;
			buildActionMask = 2147483647;
			dstPath = "";
			dstSubfolderSpec = 10;
			files = (
				679937DF2848330C00D2ECB0 /* VKFeed.framework in Embed Frameworks */,
				679937E32848331000D2ECB0 /* VKFeediOS.framework in Embed Frameworks */,
			);
			name = "Embed Frameworks";
			runOnlyForDeploymentPostprocessing = 0;
		};
/* End PBXCopyFilesBuildPhase section */

/* Begin PBXFileReference section */
		67329D06284FF44C00B37379 /* HTTPClientStub.swift */ = {isa = PBXFileReference; lastKnownFileType = sourcecode.swift; path = HTTPClientStub.swift; sourceTree = "<group>"; };
		67329D08284FF4B300B37379 /* InMemoryFeedStore.swift */ = {isa = PBXFileReference; lastKnownFileType = sourcecode.swift; path = InMemoryFeedStore.swift; sourceTree = "<group>"; };
		6779CA2E28498A4400BE57BF /* VKFeedAppTestsHelpers.swift */ = {isa = PBXFileReference; lastKnownFileType = sourcecode.swift; path = VKFeedAppTestsHelpers.swift; sourceTree = "<group>"; };
		677B841B2856A0890072495E /* CombineHelpers.swift */ = {isa = PBXFileReference; lastKnownFileType = sourcecode.swift; path = CombineHelpers.swift; sourceTree = "<group>"; };
		6796BE8F2856417C00FAA0DE /* SceneDelegateTests.swift */ = {isa = PBXFileReference; lastKnownFileType = sourcecode.swift; path = SceneDelegateTests.swift; sourceTree = "<group>"; };
		679937DD2848330C00D2ECB0 /* VKFeed.framework */ = {isa = PBXFileReference; explicitFileType = wrapper.framework; path = VKFeed.framework; sourceTree = BUILT_PRODUCTS_DIR; };
		679937E12848331000D2ECB0 /* VKFeediOS.framework */ = {isa = PBXFileReference; explicitFileType = wrapper.framework; path = VKFeediOS.framework; sourceTree = BUILT_PRODUCTS_DIR; };
		679B09882878FF630031C1E4 /* NullStore.swift */ = {isa = PBXFileReference; lastKnownFileType = sourcecode.swift; path = NullStore.swift; sourceTree = "<group>"; };
		67B41FB4284EAE7A00CCE9D6 /* FeedAcceptanceTests.swift */ = {isa = PBXFileReference; lastKnownFileType = sourcecode.swift; path = FeedAcceptanceTests.swift; sourceTree = "<group>"; };
		67B41FB9284EB52300CCE9D6 /* FeedUIComposer.swift */ = {isa = PBXFileReference; lastKnownFileType = sourcecode.swift; path = FeedUIComposer.swift; sourceTree = "<group>"; };
		67B41FBA284EB52300CCE9D6 /* WeakRefVirtualProxy.swift */ = {isa = PBXFileReference; lastKnownFileType = sourcecode.swift; path = WeakRefVirtualProxy.swift; sourceTree = "<group>"; };
		67B41FBB284EB52300CCE9D6 /* FeedViewAdapter.swift */ = {isa = PBXFileReference; lastKnownFileType = sourcecode.swift; path = FeedViewAdapter.swift; sourceTree = "<group>"; };
		67B41FBC284EB52300CCE9D6 /* LoadResourcePresentationAdapter.swift */ = {isa = PBXFileReference; lastKnownFileType = sourcecode.swift; path = LoadResourcePresentationAdapter.swift; sourceTree = "<group>"; };
		67B41FC3284EB55900CCE9D6 /* FeedUIIntegrationTests+LoaderSpy.swift */ = {isa = PBXFileReference; lastKnownFileType = sourcecode.swift; path = "FeedUIIntegrationTests+LoaderSpy.swift"; sourceTree = "<group>"; };
		67B41FC4284EB55900CCE9D6 /* UIButton+TestHelpers.swift */ = {isa = PBXFileReference; lastKnownFileType = sourcecode.swift; path = "UIButton+TestHelpers.swift"; sourceTree = "<group>"; };
		67B41FC6284EB55A00CCE9D6 /* FeedImageCell+TestHelpers.swift */ = {isa = PBXFileReference; lastKnownFileType = sourcecode.swift; path = "FeedImageCell+TestHelpers.swift"; sourceTree = "<group>"; };
		67B41FC7284EB55A00CCE9D6 /* UIControl+TestHelpers.swift */ = {isa = PBXFileReference; lastKnownFileType = sourcecode.swift; path = "UIControl+TestHelpers.swift"; sourceTree = "<group>"; };
		67B41FC8284EB55A00CCE9D6 /* ListViewController+TestHelpers.swift */ = {isa = PBXFileReference; lastKnownFileType = sourcecode.swift; path = "ListViewController+TestHelpers.swift"; sourceTree = "<group>"; };
		67B41FC9284EB55A00CCE9D6 /* FeedUIIntegrationTests+Assertions.swift */ = {isa = PBXFileReference; lastKnownFileType = sourcecode.swift; path = "FeedUIIntegrationTests+Assertions.swift"; sourceTree = "<group>"; };
		67B41FCA284EB55A00CCE9D6 /* SharedTestsHelpers.swift */ = {isa = PBXFileReference; lastKnownFileType = sourcecode.swift; path = SharedTestsHelpers.swift; sourceTree = "<group>"; };
		67B41FCB284EB55A00CCE9D6 /* UIRefreshControl+TestHelpers.swift */ = {isa = PBXFileReference; lastKnownFileType = sourcecode.swift; path = "UIRefreshControl+TestHelpers.swift"; sourceTree = "<group>"; };
		67B41FD5284EB57200CCE9D6 /* FeedUIIntegrationTests.swift */ = {isa = PBXFileReference; lastKnownFileType = sourcecode.swift; path = FeedUIIntegrationTests.swift; sourceTree = "<group>"; };
		67C3B6B928482E39004206B8 /* VKFeedApp.app */ = {isa = PBXFileReference; explicitFileType = wrapper.application; includeInIndex = 0; path = VKFeedApp.app; sourceTree = BUILT_PRODUCTS_DIR; };
		67C3B6BC28482E39004206B8 /* AppDelegate.swift */ = {isa = PBXFileReference; lastKnownFileType = sourcecode.swift; path = AppDelegate.swift; sourceTree = "<group>"; };
		67C3B6BE28482E39004206B8 /* SceneDelegate.swift */ = {isa = PBXFileReference; lastKnownFileType = sourcecode.swift; path = SceneDelegate.swift; sourceTree = "<group>"; };
		67C3B6C528482E3D004206B8 /* Assets.xcassets */ = {isa = PBXFileReference; lastKnownFileType = folder.assetcatalog; path = Assets.xcassets; sourceTree = "<group>"; };
		67C3B6C828482E3D004206B8 /* Base */ = {isa = PBXFileReference; lastKnownFileType = file.storyboard; name = Base; path = Base.lproj/LaunchScreen.storyboard; sourceTree = "<group>"; };
		67C3B6CA28482E3D004206B8 /* Info.plist */ = {isa = PBXFileReference; lastKnownFileType = text.plist.xml; path = Info.plist; sourceTree = "<group>"; };
		67C3B6CF28482E3D004206B8 /* VKFeedAppTests.xctest */ = {isa = PBXFileReference; explicitFileType = wrapper.cfbundle; includeInIndex = 0; path = VKFeedAppTests.xctest; sourceTree = BUILT_PRODUCTS_DIR; };
		67C6B219286A2F94003F6669 /* CommentsUIIntegrationTests.swift */ = {isa = PBXFileReference; lastKnownFileType = sourcecode.swift; path = CommentsUIIntegrationTests.swift; sourceTree = "<group>"; };
		67C6B21B286A3354003F6669 /* CommentsUIComposer.swift */ = {isa = PBXFileReference; lastKnownFileType = sourcecode.swift; path = CommentsUIComposer.swift; sourceTree = "<group>"; };
		67D6695328514B2F00E8AEEA /* UIImage+TestHelpers.swift */ = {isa = PBXFileReference; lastKnownFileType = sourcecode.swift; path = "UIImage+TestHelpers.swift"; sourceTree = "<group>"; };
		67D6695D2851687A00E8AEEA /* UIView+TestHelpers.swift */ = {isa = PBXFileReference; lastKnownFileType = sourcecode.swift; path = "UIView+TestHelpers.swift"; sourceTree = "<group>"; };
		67F148AB284C002300304B49 /* VKFeedAppUIAcceptanceTests.xctest */ = {isa = PBXFileReference; explicitFileType = wrapper.cfbundle; includeInIndex = 0; path = VKFeedAppUIAcceptanceTests.xctest; sourceTree = BUILT_PRODUCTS_DIR; };
/* End PBXFileReference section */

/* Begin PBXFrameworksBuildPhase section */
		67C3B6B628482E39004206B8 /* Frameworks */ = {
			isa = PBXFrameworksBuildPhase;
			buildActionMask = 2147483647;
			files = (
				679937DE2848330C00D2ECB0 /* VKFeed.framework in Frameworks */,
				679937E22848331000D2ECB0 /* VKFeediOS.framework in Frameworks */,
			);
			runOnlyForDeploymentPostprocessing = 0;
		};
		67C3B6CC28482E3D004206B8 /* Frameworks */ = {
			isa = PBXFrameworksBuildPhase;
			buildActionMask = 2147483647;
			files = (
			);
			runOnlyForDeploymentPostprocessing = 0;
		};
		67F148A8284C002300304B49 /* Frameworks */ = {
			isa = PBXFrameworksBuildPhase;
			buildActionMask = 2147483647;
			files = (
			);
			runOnlyForDeploymentPostprocessing = 0;
		};
/* End PBXFrameworksBuildPhase section */

/* Begin PBXGroup section */
		671DC5C9284BB21A00C81B23 /* Helpers */ = {
			isa = PBXGroup;
			children = (
				67D6695D2851687A00E8AEEA /* UIView+TestHelpers.swift */,
				67D6695328514B2F00E8AEEA /* UIImage+TestHelpers.swift */,
				67B41FCB284EB55A00CCE9D6 /* UIRefreshControl+TestHelpers.swift */,
				67B41FC4284EB55900CCE9D6 /* UIButton+TestHelpers.swift */,
				67B41FC7284EB55A00CCE9D6 /* UIControl+TestHelpers.swift */,
				67B41FC3284EB55900CCE9D6 /* FeedUIIntegrationTests+LoaderSpy.swift */,
				67B41FC8284EB55A00CCE9D6 /* ListViewController+TestHelpers.swift */,
				67B41FC9284EB55A00CCE9D6 /* FeedUIIntegrationTests+Assertions.swift */,
				67B41FCA284EB55A00CCE9D6 /* SharedTestsHelpers.swift */,
				67B41FC6284EB55A00CCE9D6 /* FeedImageCell+TestHelpers.swift */,
				6779CA2E28498A4400BE57BF /* VKFeedAppTestsHelpers.swift */,
				67329D06284FF44C00B37379 /* HTTPClientStub.swift */,
				67329D08284FF4B300B37379 /* InMemoryFeedStore.swift */,
			);
			path = Helpers;
			sourceTree = "<group>";
		};
		679937DC2848330C00D2ECB0 /* Frameworks */ = {
			isa = PBXGroup;
			children = (
				679937E12848331000D2ECB0 /* VKFeediOS.framework */,
				679937DD2848330C00D2ECB0 /* VKFeed.framework */,
			);
			name = Frameworks;
			sourceTree = "<group>";
		};
		67C3B6B028482E39004206B8 = {
			isa = PBXGroup;
			children = (
				67C3B6BB28482E39004206B8 /* VKFeedApp */,
				67C3B6D228482E3D004206B8 /* VKFeedAppTests */,
				67C3B6BA28482E39004206B8 /* Products */,
				679937DC2848330C00D2ECB0 /* Frameworks */,
			);
			sourceTree = "<group>";
		};
		67C3B6BA28482E39004206B8 /* Products */ = {
			isa = PBXGroup;
			children = (
				67C3B6B928482E39004206B8 /* VKFeedApp.app */,
				67C3B6CF28482E3D004206B8 /* VKFeedAppTests.xctest */,
				67F148AB284C002300304B49 /* VKFeedAppUIAcceptanceTests.xctest */,
			);
			name = Products;
			sourceTree = "<group>";
		};
		67C3B6BB28482E39004206B8 /* VKFeedApp */ = {
			isa = PBXGroup;
			children = (
				67B41FB9284EB52300CCE9D6 /* FeedUIComposer.swift */,
				67C6B21B286A3354003F6669 /* CommentsUIComposer.swift */,
				67B41FBB284EB52300CCE9D6 /* FeedViewAdapter.swift */,
				67B41FBC284EB52300CCE9D6 /* LoadResourcePresentationAdapter.swift */,
				67B41FBA284EB52300CCE9D6 /* WeakRefVirtualProxy.swift */,
				679B09882878FF630031C1E4 /* NullStore.swift */,
				67C3B6BC28482E39004206B8 /* AppDelegate.swift */,
				67C3B6BE28482E39004206B8 /* SceneDelegate.swift */,
				677B841B2856A0890072495E /* CombineHelpers.swift */,
				67C3B6C528482E3D004206B8 /* Assets.xcassets */,
				67C3B6C728482E3D004206B8 /* LaunchScreen.storyboard */,
				67C3B6CA28482E3D004206B8 /* Info.plist */,
			);
			path = VKFeedApp;
			sourceTree = "<group>";
		};
		67C3B6D228482E3D004206B8 /* VKFeedAppTests */ = {
			isa = PBXGroup;
			children = (
				67B41FD5284EB57200CCE9D6 /* FeedUIIntegrationTests.swift */,
				67B41FB4284EAE7A00CCE9D6 /* FeedAcceptanceTests.swift */,
				6796BE8F2856417C00FAA0DE /* SceneDelegateTests.swift */,
				67C6B219286A2F94003F6669 /* CommentsUIIntegrationTests.swift */,
				671DC5C9284BB21A00C81B23 /* Helpers */,
			);
			path = VKFeedAppTests;
			sourceTree = "<group>";
		};
/* End PBXGroup section */

/* Begin PBXNativeTarget section */
		67C3B6B828482E39004206B8 /* VKFeedApp */ = {
			isa = PBXNativeTarget;
			buildConfigurationList = 67C3B6E328482E3E004206B8 /* Build configuration list for PBXNativeTarget "VKFeedApp" */;
			buildPhases = (
				67C3B6B528482E39004206B8 /* Sources */,
				67C3B6B628482E39004206B8 /* Frameworks */,
				67C3B6B728482E39004206B8 /* Resources */,
				679937E02848330D00D2ECB0 /* Embed Frameworks */,
			);
			buildRules = (
			);
			dependencies = (
			);
			name = VKFeedApp;
			productName = VKFeedApp;
			productReference = 67C3B6B928482E39004206B8 /* VKFeedApp.app */;
			productType = "com.apple.product-type.application";
		};
		67C3B6CE28482E3D004206B8 /* VKFeedAppTests */ = {
			isa = PBXNativeTarget;
			buildConfigurationList = 67C3B6E628482E3E004206B8 /* Build configuration list for PBXNativeTarget "VKFeedAppTests" */;
			buildPhases = (
				67C3B6CB28482E3D004206B8 /* Sources */,
				67C3B6CC28482E3D004206B8 /* Frameworks */,
				67C3B6CD28482E3D004206B8 /* Resources */,
			);
			buildRules = (
			);
			dependencies = (
				67C3B6D128482E3D004206B8 /* PBXTargetDependency */,
			);
			name = VKFeedAppTests;
			productName = VKFeedAppTests;
			productReference = 67C3B6CF28482E3D004206B8 /* VKFeedAppTests.xctest */;
			productType = "com.apple.product-type.bundle.unit-test";
		};
		67F148AA284C002300304B49 /* VKFeedAppUIAcceptanceTests */ = {
			isa = PBXNativeTarget;
			buildConfigurationList = 67F148B5284C002300304B49 /* Build configuration list for PBXNativeTarget "VKFeedAppUIAcceptanceTests" */;
			buildPhases = (
				67F148A7284C002300304B49 /* Sources */,
				67F148A8284C002300304B49 /* Frameworks */,
				67F148A9284C002300304B49 /* Resources */,
			);
			buildRules = (
			);
			dependencies = (
				67F148B2284C002300304B49 /* PBXTargetDependency */,
			);
			name = VKFeedAppUIAcceptanceTests;
			productName = VKFeedAppUIAcceptanceTests;
			productReference = 67F148AB284C002300304B49 /* VKFeedAppUIAcceptanceTests.xctest */;
			productType = "com.apple.product-type.bundle.ui-testing";
		};
/* End PBXNativeTarget section */

/* Begin PBXProject section */
		67C3B6B128482E39004206B8 /* Project object */ = {
			isa = PBXProject;
			attributes = {
				BuildIndependentTargetsInParallel = 1;
				LastSwiftUpdateCheck = 1330;
				LastUpgradeCheck = 1330;
				TargetAttributes = {
					67C3B6B828482E39004206B8 = {
						CreatedOnToolsVersion = 13.3.1;
					};
					67C3B6CE28482E3D004206B8 = {
						CreatedOnToolsVersion = 13.3.1;
						TestTargetID = 67C3B6B828482E39004206B8;
					};
					67F148AA284C002300304B49 = {
						CreatedOnToolsVersion = 13.3.1;
						TestTargetID = 67C3B6B828482E39004206B8;
					};
				};
			};
			buildConfigurationList = 67C3B6B428482E39004206B8 /* Build configuration list for PBXProject "VKFeedApp" */;
			compatibilityVersion = "Xcode 13.0";
			developmentRegion = en;
			hasScannedForEncodings = 0;
			knownRegions = (
				en,
				Base,
			);
			mainGroup = 67C3B6B028482E39004206B8;
			productRefGroup = 67C3B6BA28482E39004206B8 /* Products */;
			projectDirPath = "";
			projectRoot = "";
			targets = (
				67C3B6B828482E39004206B8 /* VKFeedApp */,
				67C3B6CE28482E3D004206B8 /* VKFeedAppTests */,
				67F148AA284C002300304B49 /* VKFeedAppUIAcceptanceTests */,
			);
		};
/* End PBXProject section */

/* Begin PBXResourcesBuildPhase section */
		67C3B6B728482E39004206B8 /* Resources */ = {
			isa = PBXResourcesBuildPhase;
			buildActionMask = 2147483647;
			files = (
				67C3B6C928482E3D004206B8 /* LaunchScreen.storyboard in Resources */,
				67C3B6C628482E3D004206B8 /* Assets.xcassets in Resources */,
			);
			runOnlyForDeploymentPostprocessing = 0;
		};
		67C3B6CD28482E3D004206B8 /* Resources */ = {
			isa = PBXResourcesBuildPhase;
			buildActionMask = 2147483647;
			files = (
			);
			runOnlyForDeploymentPostprocessing = 0;
		};
		67F148A9284C002300304B49 /* Resources */ = {
			isa = PBXResourcesBuildPhase;
			buildActionMask = 2147483647;
			files = (
			);
			runOnlyForDeploymentPostprocessing = 0;
		};
/* End PBXResourcesBuildPhase section */

/* Begin PBXSourcesBuildPhase section */
		67C3B6B528482E39004206B8 /* Sources */ = {
			isa = PBXSourcesBuildPhase;
			buildActionMask = 2147483647;
			files = (
				67C3B6BD28482E39004206B8 /* AppDelegate.swift in Sources */,
				67B41FBF284EB52400CCE9D6 /* WeakRefVirtualProxy.swift in Sources */,
				67B41FC2284EB52400CCE9D6 /* LoadResourcePresentationAdapter.swift in Sources */,
				679B09892878FF630031C1E4 /* NullStore.swift in Sources */,
				67B41FC0284EB52400CCE9D6 /* FeedUIComposer.swift in Sources */,
				67B41FBE284EB52400CCE9D6 /* FeedViewAdapter.swift in Sources */,
				67C3B6BF28482E39004206B8 /* SceneDelegate.swift in Sources */,
				677B841C2856A0890072495E /* CombineHelpers.swift in Sources */,
				67C6B21C286A3354003F6669 /* CommentsUIComposer.swift in Sources */,
			);
			runOnlyForDeploymentPostprocessing = 0;
		};
		67C3B6CB28482E3D004206B8 /* Sources */ = {
			isa = PBXSourcesBuildPhase;
			buildActionMask = 2147483647;
			files = (
				67B41FD3284EB55B00CCE9D6 /* FeedUIIntegrationTests+Assertions.swift in Sources */,
				67B41FD0284EB55B00CCE9D6 /* UIRefreshControl+TestHelpers.swift in Sources */,
				67B41FD6284EB57200CCE9D6 /* FeedUIIntegrationTests.swift in Sources */,
				67B41FD2284EB55B00CCE9D6 /* ListViewController+TestHelpers.swift in Sources */,
				67C6B21A286A2F94003F6669 /* CommentsUIIntegrationTests.swift in Sources */,
				67329D07284FF44C00B37379 /* HTTPClientStub.swift in Sources */,
				67B41FCF284EB55B00CCE9D6 /* FeedImageCell+TestHelpers.swift in Sources */,
				67329D09284FF4B300B37379 /* InMemoryFeedStore.swift in Sources */,
				67B41FCD284EB55B00CCE9D6 /* SharedTestsHelpers.swift in Sources */,
				6779CA2F28498A4400BE57BF /* VKFeedAppTestsHelpers.swift in Sources */,
				67D6695428514B3000E8AEEA /* UIImage+TestHelpers.swift in Sources */,
				67B41FCE284EB55B00CCE9D6 /* FeedUIIntegrationTests+LoaderSpy.swift in Sources */,
				67D6695E2851687A00E8AEEA /* UIView+TestHelpers.swift in Sources */,
				67B41FD1284EB55B00CCE9D6 /* UIButton+TestHelpers.swift in Sources */,
				67B41FD4284EB55B00CCE9D6 /* UIControl+TestHelpers.swift in Sources */,
				67B41FB6284EB21300CCE9D6 /* FeedAcceptanceTests.swift in Sources */,
				6796BE902856417C00FAA0DE /* SceneDelegateTests.swift in Sources */,
			);
			runOnlyForDeploymentPostprocessing = 0;
		};
		67F148A7284C002300304B49 /* Sources */ = {
			isa = PBXSourcesBuildPhase;
			buildActionMask = 2147483647;
			files = (
			);
			runOnlyForDeploymentPostprocessing = 0;
		};
/* End PBXSourcesBuildPhase section */

/* Begin PBXTargetDependency section */
		67C3B6D128482E3D004206B8 /* PBXTargetDependency */ = {
			isa = PBXTargetDependency;
			target = 67C3B6B828482E39004206B8 /* VKFeedApp */;
			targetProxy = 67C3B6D028482E3D004206B8 /* PBXContainerItemProxy */;
		};
		67F148B2284C002300304B49 /* PBXTargetDependency */ = {
			isa = PBXTargetDependency;
			target = 67C3B6B828482E39004206B8 /* VKFeedApp */;
			targetProxy = 67F148B1284C002300304B49 /* PBXContainerItemProxy */;
		};
/* End PBXTargetDependency section */

/* Begin PBXVariantGroup section */
		67C3B6C728482E3D004206B8 /* LaunchScreen.storyboard */ = {
			isa = PBXVariantGroup;
			children = (
				67C3B6C828482E3D004206B8 /* Base */,
			);
			name = LaunchScreen.storyboard;
			sourceTree = "<group>";
		};
/* End PBXVariantGroup section */

/* Begin XCBuildConfiguration section */
		67C3B6E128482E3E004206B8 /* Debug */ = {
			isa = XCBuildConfiguration;
			buildSettings = {
				ALWAYS_SEARCH_USER_PATHS = NO;
				CLANG_ANALYZER_NONNULL = YES;
				CLANG_ANALYZER_NUMBER_OBJECT_CONVERSION = YES_AGGRESSIVE;
				CLANG_CXX_LANGUAGE_STANDARD = "gnu++17";
				CLANG_ENABLE_MODULES = YES;
				CLANG_ENABLE_OBJC_ARC = YES;
				CLANG_ENABLE_OBJC_WEAK = YES;
				CLANG_WARN_BLOCK_CAPTURE_AUTORELEASING = YES;
				CLANG_WARN_BOOL_CONVERSION = YES;
				CLANG_WARN_COMMA = YES;
				CLANG_WARN_CONSTANT_CONVERSION = YES;
				CLANG_WARN_DEPRECATED_OBJC_IMPLEMENTATIONS = YES;
				CLANG_WARN_DIRECT_OBJC_ISA_USAGE = YES_ERROR;
				CLANG_WARN_DOCUMENTATION_COMMENTS = YES;
				CLANG_WARN_EMPTY_BODY = YES;
				CLANG_WARN_ENUM_CONVERSION = YES;
				CLANG_WARN_INFINITE_RECURSION = YES;
				CLANG_WARN_INT_CONVERSION = YES;
				CLANG_WARN_NON_LITERAL_NULL_CONVERSION = YES;
				CLANG_WARN_OBJC_IMPLICIT_RETAIN_SELF = YES;
				CLANG_WARN_OBJC_LITERAL_CONVERSION = YES;
				CLANG_WARN_OBJC_ROOT_CLASS = YES_ERROR;
				CLANG_WARN_QUOTED_INCLUDE_IN_FRAMEWORK_HEADER = YES;
				CLANG_WARN_RANGE_LOOP_ANALYSIS = YES;
				CLANG_WARN_STRICT_PROTOTYPES = YES;
				CLANG_WARN_SUSPICIOUS_MOVE = YES;
				CLANG_WARN_UNGUARDED_AVAILABILITY = YES_AGGRESSIVE;
				CLANG_WARN_UNREACHABLE_CODE = YES;
				CLANG_WARN__DUPLICATE_METHOD_MATCH = YES;
				COPY_PHASE_STRIP = NO;
				DEBUG_INFORMATION_FORMAT = dwarf;
				ENABLE_STRICT_OBJC_MSGSEND = YES;
				ENABLE_TESTABILITY = YES;
				GCC_C_LANGUAGE_STANDARD = gnu11;
				GCC_DYNAMIC_NO_PIC = NO;
				GCC_NO_COMMON_BLOCKS = YES;
				GCC_OPTIMIZATION_LEVEL = 0;
				GCC_PREPROCESSOR_DEFINITIONS = (
					"DEBUG=1",
					"$(inherited)",
				);
				GCC_WARN_64_TO_32_BIT_CONVERSION = YES;
				GCC_WARN_ABOUT_RETURN_TYPE = YES_ERROR;
				GCC_WARN_UNDECLARED_SELECTOR = YES;
				GCC_WARN_UNINITIALIZED_AUTOS = YES_AGGRESSIVE;
				GCC_WARN_UNUSED_FUNCTION = YES;
				GCC_WARN_UNUSED_VARIABLE = YES;
				IPHONEOS_DEPLOYMENT_TARGET = 15.4;
				MTL_ENABLE_DEBUG_INFO = INCLUDE_SOURCE;
				MTL_FAST_MATH = YES;
				ONLY_ACTIVE_ARCH = YES;
				SDKROOT = iphoneos;
				SWIFT_ACTIVE_COMPILATION_CONDITIONS = DEBUG;
				SWIFT_OPTIMIZATION_LEVEL = "-Onone";
			};
			name = Debug;
		};
		67C3B6E228482E3E004206B8 /* Release */ = {
			isa = XCBuildConfiguration;
			buildSettings = {
				ALWAYS_SEARCH_USER_PATHS = NO;
				CLANG_ANALYZER_NONNULL = YES;
				CLANG_ANALYZER_NUMBER_OBJECT_CONVERSION = YES_AGGRESSIVE;
				CLANG_CXX_LANGUAGE_STANDARD = "gnu++17";
				CLANG_ENABLE_MODULES = YES;
				CLANG_ENABLE_OBJC_ARC = YES;
				CLANG_ENABLE_OBJC_WEAK = YES;
				CLANG_WARN_BLOCK_CAPTURE_AUTORELEASING = YES;
				CLANG_WARN_BOOL_CONVERSION = YES;
				CLANG_WARN_COMMA = YES;
				CLANG_WARN_CONSTANT_CONVERSION = YES;
				CLANG_WARN_DEPRECATED_OBJC_IMPLEMENTATIONS = YES;
				CLANG_WARN_DIRECT_OBJC_ISA_USAGE = YES_ERROR;
				CLANG_WARN_DOCUMENTATION_COMMENTS = YES;
				CLANG_WARN_EMPTY_BODY = YES;
				CLANG_WARN_ENUM_CONVERSION = YES;
				CLANG_WARN_INFINITE_RECURSION = YES;
				CLANG_WARN_INT_CONVERSION = YES;
				CLANG_WARN_NON_LITERAL_NULL_CONVERSION = YES;
				CLANG_WARN_OBJC_IMPLICIT_RETAIN_SELF = YES;
				CLANG_WARN_OBJC_LITERAL_CONVERSION = YES;
				CLANG_WARN_OBJC_ROOT_CLASS = YES_ERROR;
				CLANG_WARN_QUOTED_INCLUDE_IN_FRAMEWORK_HEADER = YES;
				CLANG_WARN_RANGE_LOOP_ANALYSIS = YES;
				CLANG_WARN_STRICT_PROTOTYPES = YES;
				CLANG_WARN_SUSPICIOUS_MOVE = YES;
				CLANG_WARN_UNGUARDED_AVAILABILITY = YES_AGGRESSIVE;
				CLANG_WARN_UNREACHABLE_CODE = YES;
				CLANG_WARN__DUPLICATE_METHOD_MATCH = YES;
				COPY_PHASE_STRIP = NO;
				DEBUG_INFORMATION_FORMAT = "dwarf-with-dsym";
				ENABLE_NS_ASSERTIONS = NO;
				ENABLE_STRICT_OBJC_MSGSEND = YES;
				GCC_C_LANGUAGE_STANDARD = gnu11;
				GCC_NO_COMMON_BLOCKS = YES;
				GCC_WARN_64_TO_32_BIT_CONVERSION = YES;
				GCC_WARN_ABOUT_RETURN_TYPE = YES_ERROR;
				GCC_WARN_UNDECLARED_SELECTOR = YES;
				GCC_WARN_UNINITIALIZED_AUTOS = YES_AGGRESSIVE;
				GCC_WARN_UNUSED_FUNCTION = YES;
				GCC_WARN_UNUSED_VARIABLE = YES;
				IPHONEOS_DEPLOYMENT_TARGET = 15.4;
				MTL_ENABLE_DEBUG_INFO = NO;
				MTL_FAST_MATH = YES;
				SDKROOT = iphoneos;
				SWIFT_COMPILATION_MODE = wholemodule;
				SWIFT_OPTIMIZATION_LEVEL = "-O";
				VALIDATE_PRODUCT = YES;
			};
			name = Release;
		};
		67C3B6E428482E3E004206B8 /* Debug */ = {
			isa = XCBuildConfiguration;
			buildSettings = {
				ASSETCATALOG_COMPILER_APPICON_NAME = AppIcon;
				ASSETCATALOG_COMPILER_GLOBAL_ACCENT_COLOR_NAME = AccentColor;
				CODE_SIGN_STYLE = Automatic;
				CURRENT_PROJECT_VERSION = 1;
				DEVELOPMENT_TEAM = Z9F52A55VD;
				GENERATE_INFOPLIST_FILE = YES;
				INFOPLIST_FILE = VKFeedApp/Info.plist;
				INFOPLIST_KEY_UIApplicationSupportsIndirectInputEvents = YES;
				INFOPLIST_KEY_UILaunchStoryboardName = LaunchScreen;
				INFOPLIST_KEY_UISupportedInterfaceOrientations = UIInterfaceOrientationPortrait;
				INFOPLIST_KEY_UISupportedInterfaceOrientations_iPad = "UIInterfaceOrientationPortrait UIInterfaceOrientationPortraitUpsideDown UIInterfaceOrientationLandscapeLeft UIInterfaceOrientationLandscapeRight";
				INFOPLIST_KEY_UISupportedInterfaceOrientations_iPhone = "UIInterfaceOrientationPortrait UIInterfaceOrientationLandscapeLeft UIInterfaceOrientationLandscapeRight";
				IPHONEOS_DEPLOYMENT_TARGET = 14.0;
				LD_RUNPATH_SEARCH_PATHS = (
					"$(inherited)",
					"@executable_path/Frameworks",
				);
				MARKETING_VERSION = 1.0;
				PRODUCT_BUNDLE_IDENTIFIER = VK.VKFeedApp;
				PRODUCT_NAME = "$(TARGET_NAME)";
				SWIFT_EMIT_LOC_STRINGS = YES;
				SWIFT_VERSION = 5.0;
				TARGETED_DEVICE_FAMILY = 1;
			};
			name = Debug;
		};
		67C3B6E528482E3E004206B8 /* Release */ = {
			isa = XCBuildConfiguration;
			buildSettings = {
				ASSETCATALOG_COMPILER_APPICON_NAME = AppIcon;
				ASSETCATALOG_COMPILER_GLOBAL_ACCENT_COLOR_NAME = AccentColor;
				CODE_SIGN_STYLE = Automatic;
				CURRENT_PROJECT_VERSION = 1;
				DEVELOPMENT_TEAM = Z9F52A55VD;
				GENERATE_INFOPLIST_FILE = YES;
				INFOPLIST_FILE = VKFeedApp/Info.plist;
				INFOPLIST_KEY_UIApplicationSupportsIndirectInputEvents = YES;
				INFOPLIST_KEY_UILaunchStoryboardName = LaunchScreen;
				INFOPLIST_KEY_UISupportedInterfaceOrientations = UIInterfaceOrientationPortrait;
				INFOPLIST_KEY_UISupportedInterfaceOrientations_iPad = "UIInterfaceOrientationPortrait UIInterfaceOrientationPortraitUpsideDown UIInterfaceOrientationLandscapeLeft UIInterfaceOrientationLandscapeRight";
				INFOPLIST_KEY_UISupportedInterfaceOrientations_iPhone = "UIInterfaceOrientationPortrait UIInterfaceOrientationLandscapeLeft UIInterfaceOrientationLandscapeRight";
				IPHONEOS_DEPLOYMENT_TARGET = 14.0;
				LD_RUNPATH_SEARCH_PATHS = (
					"$(inherited)",
					"@executable_path/Frameworks",
				);
				MARKETING_VERSION = 1.0;
				PRODUCT_BUNDLE_IDENTIFIER = VK.VKFeedApp;
				PRODUCT_NAME = "$(TARGET_NAME)";
				SWIFT_EMIT_LOC_STRINGS = YES;
				SWIFT_VERSION = 5.0;
				TARGETED_DEVICE_FAMILY = 1;
			};
			name = Release;
		};
		67C3B6E728482E3E004206B8 /* Debug */ = {
			isa = XCBuildConfiguration;
			buildSettings = {
				ALWAYS_EMBED_SWIFT_STANDARD_LIBRARIES = YES;
				BUNDLE_LOADER = "$(TEST_HOST)";
				CODE_SIGN_STYLE = Automatic;
				CURRENT_PROJECT_VERSION = 1;
				DEVELOPMENT_TEAM = Z9F52A55VD;
				GENERATE_INFOPLIST_FILE = YES;
				IPHONEOS_DEPLOYMENT_TARGET = 15.4;
				MARKETING_VERSION = 1.0;
				PRODUCT_BUNDLE_IDENTIFIER = VK.VKFeedAppTests;
				PRODUCT_NAME = "$(TARGET_NAME)";
				SWIFT_EMIT_LOC_STRINGS = NO;
				SWIFT_VERSION = 5.0;
				TARGETED_DEVICE_FAMILY = "1,2";
				TEST_HOST = "$(BUILT_PRODUCTS_DIR)/VKFeedApp.app/VKFeedApp";
			};
			name = Debug;
		};
		67C3B6E828482E3E004206B8 /* Release */ = {
			isa = XCBuildConfiguration;
			buildSettings = {
				ALWAYS_EMBED_SWIFT_STANDARD_LIBRARIES = YES;
				BUNDLE_LOADER = "$(TEST_HOST)";
				CODE_SIGN_STYLE = Automatic;
				CURRENT_PROJECT_VERSION = 1;
				DEVELOPMENT_TEAM = Z9F52A55VD;
				GENERATE_INFOPLIST_FILE = YES;
				IPHONEOS_DEPLOYMENT_TARGET = 15.4;
				MARKETING_VERSION = 1.0;
				PRODUCT_BUNDLE_IDENTIFIER = VK.VKFeedAppTests;
				PRODUCT_NAME = "$(TARGET_NAME)";
				SWIFT_EMIT_LOC_STRINGS = NO;
				SWIFT_VERSION = 5.0;
				TARGETED_DEVICE_FAMILY = "1,2";
				TEST_HOST = "$(BUILT_PRODUCTS_DIR)/VKFeedApp.app/VKFeedApp";
			};
			name = Release;
		};
		67F148B3284C002300304B49 /* Debug */ = {
			isa = XCBuildConfiguration;
			buildSettings = {
				CODE_SIGN_STYLE = Automatic;
				CURRENT_PROJECT_VERSION = 1;
				DEVELOPMENT_TEAM = Z9F52A55VD;
				GENERATE_INFOPLIST_FILE = YES;
				MARKETING_VERSION = 1.0;
				PRODUCT_BUNDLE_IDENTIFIER = VK.VKFeedAppUIAcceptanceTests;
				PRODUCT_NAME = "$(TARGET_NAME)";
				SWIFT_EMIT_LOC_STRINGS = NO;
				SWIFT_VERSION = 5.0;
				TARGETED_DEVICE_FAMILY = "1,2";
				TEST_TARGET_NAME = VKFeedApp;
			};
			name = Debug;
		};
		67F148B4284C002300304B49 /* Release */ = {
			isa = XCBuildConfiguration;
			buildSettings = {
				CODE_SIGN_STYLE = Automatic;
				CURRENT_PROJECT_VERSION = 1;
				DEVELOPMENT_TEAM = Z9F52A55VD;
				GENERATE_INFOPLIST_FILE = YES;
				MARKETING_VERSION = 1.0;
				PRODUCT_BUNDLE_IDENTIFIER = VK.VKFeedAppUIAcceptanceTests;
				PRODUCT_NAME = "$(TARGET_NAME)";
				SWIFT_EMIT_LOC_STRINGS = NO;
				SWIFT_VERSION = 5.0;
				TARGETED_DEVICE_FAMILY = "1,2";
				TEST_TARGET_NAME = VKFeedApp;
			};
			name = Release;
		};
/* End XCBuildConfiguration section */

/* Begin XCConfigurationList section */
		67C3B6B428482E39004206B8 /* Build configuration list for PBXProject "VKFeedApp" */ = {
			isa = XCConfigurationList;
			buildConfigurations = (
				67C3B6E128482E3E004206B8 /* Debug */,
				67C3B6E228482E3E004206B8 /* Release */,
			);
			defaultConfigurationIsVisible = 0;
			defaultConfigurationName = Release;
		};
		67C3B6E328482E3E004206B8 /* Build configuration list for PBXNativeTarget "VKFeedApp" */ = {
			isa = XCConfigurationList;
			buildConfigurations = (
				67C3B6E428482E3E004206B8 /* Debug */,
				67C3B6E528482E3E004206B8 /* Release */,
			);
			defaultConfigurationIsVisible = 0;
			defaultConfigurationName = Release;
		};
		67C3B6E628482E3E004206B8 /* Build configuration list for PBXNativeTarget "VKFeedAppTests" */ = {
			isa = XCConfigurationList;
			buildConfigurations = (
				67C3B6E728482E3E004206B8 /* Debug */,
				67C3B6E828482E3E004206B8 /* Release */,
			);
			defaultConfigurationIsVisible = 0;
			defaultConfigurationName = Release;
		};
		67F148B5284C002300304B49 /* Build configuration list for PBXNativeTarget "VKFeedAppUIAcceptanceTests" */ = {
			isa = XCConfigurationList;
			buildConfigurations = (
				67F148B3284C002300304B49 /* Debug */,
				67F148B4284C002300304B49 /* Release */,
			);
			defaultConfigurationIsVisible = 0;
			defaultConfigurationName = Release;
		};
/* End XCConfigurationList section */
	};
	rootObject = 67C3B6B128482E39004206B8 /* Project object */;
}
