<?xml version="1.0" encoding="UTF-8"?>
<Scheme
   LastUpgradeVersion = "1310"
   version = "1.3">
   <BuildAction
      parallelizeBuildables = "YES"
      buildImplicitDependencies = "YES">
      <BuildActionEntries>
         <BuildActionEntry
            buildForTesting = "YES"
            buildForRunning = "YES"
            buildForProfiling = "YES"
            buildForArchiving = "YES"
            buildForAnalyzing = "YES">
            <BuildableReference
               BuildableIdentifier = "primary"
               BlueprintIdentifier = "67F3F7AF2804664F0078CFEA"
               BuildableName = "VKFeed.framework"
               BlueprintName = "VKFeed"
               ReferencedContainer = "container:../VKFeed/VKFeed.xcodeproj">
            </BuildableReference>
         </BuildActionEntry>
         <BuildActionEntry
            buildForTesting = "YES"
            buildForRunning = "NO"
            buildForProfiling = "NO"
            buildForArchiving = "NO"
            buildForAnalyzing = "NO">
            <BuildableReference
               BuildableIdentifier = "primary"
               BlueprintIdentifier = "67F6BDD6281F4964004EB491"
               BuildableName = "VKFeediOSTests.xctest"
               BlueprintName = "VKFeediOSTests"
               ReferencedContainer = "container:../VKFeed/VKFeed.xcodeproj">
            </BuildableReference>
         </BuildActionEntry>
      </BuildActionEntries>
   </BuildAction>
   <TestAction
      buildConfiguration = "Debug"
      selectedDebuggerIdentifier = "Xcode.DebuggerFoundation.Debugger.LLDB"
      selectedLauncherIdentifier = "Xcode.DebuggerFoundation.Launcher.LLDB"
      shouldUseLaunchSchemeArgsEnv = "YES"
      codeCoverageEnabled = "YES"
      onlyGenerateCoverageForSpecifiedTargets = "YES">
      <CodeCoverageTargets>
         <BuildableReference
            BuildableIdentifier = "primary"
            BlueprintIdentifier = "67F3F7AF2804664F0078CFEA"
            BuildableName = "VKFeed.framework"
            BlueprintName = "VKFeed"
            ReferencedContainer = "container:../VKFeed/VKFeed.xcodeproj">
         </BuildableReference>
         <BuildableReference
            BuildableIdentifier = "primary"
            BlueprintIdentifier = "67F6BDCD281F4963004EB491"
            BuildableName = "VKFeediOS.framework"
            BlueprintName = "VKFeediOS"
            ReferencedContainer = "container:../VKFeed/VKFeed.xcodeproj">
         </BuildableReference>
         <BuildableReference
            BuildableIdentifier = "primary"
            BlueprintIdentifier = "67C3B6B828482E39004206B8"
            BuildableName = "VKFeedApp.app"
            BlueprintName = "VKFeedApp"
            ReferencedContainer = "container:VKFeedApp.xcodeproj">
         </BuildableReference>
      </CodeCoverageTargets>
      <Testables>
         <TestableReference
            skipped = "NO"
            testExecutionOrdering = "random">
            <BuildableReference
               BuildableIdentifier = "primary"
               BlueprintIdentifier = "67F3F7BF280466A00078CFEA"
               BuildableName = "VKFeedTests.xctest"
               BlueprintName = "VKFeedTests"
               ReferencedContainer = "container:../VKFeed/VKFeed.xcodeproj">
            </BuildableReference>
         </TestableReference>
         <TestableReference
            skipped = "NO"
            testExecutionOrdering = "random">
            <BuildableReference
               BuildableIdentifier = "primary"
               BlueprintIdentifier = "67B4BBA82808DA63006CD939"
               BuildableName = "VKFeedAPIEndToEndTests.xctest"
               BlueprintName = "VKFeedAPIEndToEndTests"
               ReferencedContainer = "container:../VKFeed/VKFeed.xcodeproj">
            </BuildableReference>
         </TestableReference>
         <TestableReference
            skipped = "NO"
            testExecutionOrdering = "random">
            <BuildableReference
               BuildableIdentifier = "primary"
               BlueprintIdentifier = "67F9BB8528173E1000B606BA"
               BuildableName = "VKFeedCacheIntegrationTests.xctest"
               BlueprintName = "VKFeedCacheIntegrationTests"
               ReferencedContainer = "container:../VKFeed/VKFeed.xcodeproj">
            </BuildableReference>
         </TestableReference>
         <TestableReference
            skipped = "NO"
            testExecutionOrdering = "random">
            <BuildableReference
               BuildableIdentifier = "primary"
               BlueprintIdentifier = "67F6BDD6281F4964004EB491"
               BuildableName = "VKFeediOSTests.xctest"
               BlueprintName = "VKFeediOSTests"
               ReferencedContainer = "container:../VKFeed/VKFeed.xcodeproj">
            </BuildableReference>
         </TestableReference>
         <TestableReference
            skipped = "NO"
            testExecutionOrdering = "random">
            <BuildableReference
               BuildableIdentifier = "primary"
               BlueprintIdentifier = "67C3B6CE28482E3D004206B8"
               BuildableName = "VKFeedAppTests.xctest"
               BlueprintName = "VKFeedAppTests"
               ReferencedContainer = "container:VKFeedApp.xcodeproj">
            </BuildableReference>
         </TestableReference>
         <TestableReference
            skipped = "NO"
            testExecutionOrdering = "random">
            <BuildableReference
               BuildableIdentifier = "primary"
               BlueprintIdentifier = "67F148AA284C002300304B49"
               BuildableName = "VKFeedAppUIAcceptanceTests.xctest"
               BlueprintName = "VKFeedAppUIAcceptanceTests"
               ReferencedContainer = "container:VKFeedApp.xcodeproj">
            </BuildableReference>
         </TestableReference>
      </Testables>
   </TestAction>
   <LaunchAction
      buildConfiguration = "Debug"
      selectedDebuggerIdentifier = "Xcode.DebuggerFoundation.Debugger.LLDB"
      selectedLauncherIdentifier = "Xcode.DebuggerFoundation.Launcher.LLDB"
      launchStyle = "0"
      useCustomWorkingDirectory = "NO"
      ignoresPersistentStateOnLaunch = "NO"
      debugDocumentVersioning = "YES"
      debugServiceExtension = "internal"
      allowLocationSimulation = "YES">
   </LaunchAction>
   <ProfileAction
      buildConfiguration = "Release"
      shouldUseLaunchSchemeArgsEnv = "YES"
      savedToolIdentifier = ""
      useCustomWorkingDirectory = "NO"
      debugDocumentVersioning = "YES">
      <MacroExpansion>
         <BuildableReference
            BuildableIdentifier = "primary"
            BlueprintIdentifier = "67F3F7AF2804664F0078CFEA"
            BuildableName = "VKFeed.framework"
            BlueprintName = "VKFeed"
            ReferencedContainer = "container:../VKFeed/VKFeed.xcodeproj">
         </BuildableReference>
      </MacroExpansion>
   </ProfileAction>
   <AnalyzeAction
      buildConfiguration = "Debug">
   </AnalyzeAction>
   <ArchiveAction
      buildConfiguration = "Release"
      revealArchiveInOrganizer = "YES">
   </ArchiveAction>
</Scheme>
