// !$*UTF8*$!
{
	archiveVersion = 1;
	classes = {
	};
	objectVersion = 55;
	objects = {

/* Begin PBXBuildFile section */
		670537A62831743C0065BEAB /* Feed.storyboard in Resources */ = {isa = PBXBuildFile; fileRef = 670537A52831743B0065BEAB /* Feed.storyboard */; };
		670537A8283190510065BEAB /* UITableView+Dequeueing.swift in Sources */ = {isa = PBXBuildFile; fileRef = 670537A7283190510065BEAB /* UITableView+Dequeueing.swift */; };
		670537AB2831927F0065BEAB /* UIImageView+Animations.swift in Sources */ = {isa = PBXBuildFile; fileRef = 670537A9283192640065BEAB /* UIImageView+Animations.swift */; };
		6727989D282323A100924F82 /* FeedUIIntegrationTests.swift in Sources */ = {isa = PBXBuildFile; fileRef = 6727989C282323A100924F82 /* FeedUIIntegrationTests.swift */; };
		6727989F2823296F00924F82 /* XCTestCase+MemoryLeaksHelper.swift in Sources */ = {isa = PBXBuildFile; fileRef = 67BF84F728085ED600CFC10E /* XCTestCase+MemoryLeaksHelper.swift */; };
		672798A42823402F00924F82 /* FeedViewController.swift in Sources */ = {isa = PBXBuildFile; fileRef = 672798A32823402F00924F82 /* FeedViewController.swift */; };
		6736ADA0283ED9ED00D163CD /* RemoteFeedImageDataLoaderTests.swift in Sources */ = {isa = PBXBuildFile; fileRef = 6736AD9E283ED9D800D163CD /* RemoteFeedImageDataLoaderTests.swift */; };
		6736ADA3283EDE4E00D163CD /* FeedImageDataLoader.swift in Sources */ = {isa = PBXBuildFile; fileRef = 674AC8B0282B07390059F18D /* FeedImageDataLoader.swift */; };
		67378090280621600054CD20 /* FeedItemsMapper.swift in Sources */ = {isa = PBXBuildFile; fileRef = 6737808F280621600054CD20 /* FeedItemsMapper.swift */; };
		67378093280700DB0054CD20 /* HTTPClientTests.swift in Sources */ = {isa = PBXBuildFile; fileRef = 67378092280700DB0054CD20 /* HTTPClientTests.swift */; };
		673B45DD2815F6D100B4859D /* CodableFeedStore.swift in Sources */ = {isa = PBXBuildFile; fileRef = 673B45DC2815F6D100B4859D /* CodableFeedStore.swift */; };
		673F09CD2827361E002937C2 /* SharedTestHelpers.swift in Sources */ = {isa = PBXBuildFile; fileRef = 67E8A6D328116E5D004B20F2 /* SharedTestHelpers.swift */; };
		674AC8BE282B2F250059F18D /* FeedImageCellController.swift in Sources */ = {isa = PBXBuildFile; fileRef = 674AC8BD282B2F250059F18D /* FeedImageCellController.swift */; };
		674AC8C0282B331C0059F18D /* FeedUIComposer.swift in Sources */ = {isa = PBXBuildFile; fileRef = 674AC8BF282B331C0059F18D /* FeedUIComposer.swift */; };
		674AC8C4282B37680059F18D /* UIImage+TestHelpers.swift in Sources */ = {isa = PBXBuildFile; fileRef = 674AC8C3282B37680059F18D /* UIImage+TestHelpers.swift */; };
		674AC8C6282B37B10059F18D /* UIRefreshControl+TestHelpers.swift in Sources */ = {isa = PBXBuildFile; fileRef = 674AC8C5282B37B10059F18D /* UIRefreshControl+TestHelpers.swift */; };
		674AC8C8282B37E60059F18D /* UIButton+TestHelpers.swift in Sources */ = {isa = PBXBuildFile; fileRef = 674AC8C7282B37E60059F18D /* UIButton+TestHelpers.swift */; };
		674AC8CA282B38140059F18D /* UIControl+TestHelpers.swift in Sources */ = {isa = PBXBuildFile; fileRef = 674AC8C9282B38140059F18D /* UIControl+TestHelpers.swift */; };
		674AC8CC282B38A00059F18D /* FeedViewController+TestHelpers.swift in Sources */ = {isa = PBXBuildFile; fileRef = 674AC8CB282B38A00059F18D /* FeedViewController+TestHelpers.swift */; };
		674AC8CE282B39510059F18D /* FeedImageCell+TestHelpers.swift in Sources */ = {isa = PBXBuildFile; fileRef = 674AC8CD282B39510059F18D /* FeedImageCell+TestHelpers.swift */; };
		674AC8D1282B39D70059F18D /* FeedUIIntegrationTests+LoaderSpy.swift in Sources */ = {isa = PBXBuildFile; fileRef = 674AC8D0282B39D70059F18D /* FeedUIIntegrationTests+LoaderSpy.swift */; };
		674AC8D3282B3A900059F18D /* FeedUIIntegrationTests+Assertions.swift in Sources */ = {isa = PBXBuildFile; fileRef = 674AC8D2282B3A900059F18D /* FeedUIIntegrationTests+Assertions.swift */; };
		677292E1283C2E7100AE05A1 /* ErrorView.swift in Sources */ = {isa = PBXBuildFile; fileRef = 677292E0283C2E7100AE05A1 /* ErrorView.swift */; };
		677292E6283C336300AE05A1 /* UIRefreshControl+Helpers.swift in Sources */ = {isa = PBXBuildFile; fileRef = 677292E5283C336300AE05A1 /* UIRefreshControl+Helpers.swift */; };
		677292E9283C363C00AE05A1 /* FeedPresenterTests.swift in Sources */ = {isa = PBXBuildFile; fileRef = 677292E8283C363C00AE05A1 /* FeedPresenterTests.swift */; };
		677292F3283C52CE00AE05A1 /* FeedPresenter.swift in Sources */ = {isa = PBXBuildFile; fileRef = 677292F2283C52CE00AE05A1 /* FeedPresenter.swift */; };
		677292F4283C52F500AE05A1 /* Feed.strings in Resources */ = {isa = PBXBuildFile; fileRef = 677292EE283C516D00AE05A1 /* Feed.strings */; };
		677292F6283C53BA00AE05A1 /* FeedLoadingViewModel.swift in Sources */ = {isa = PBXBuildFile; fileRef = 677292F5283C53BA00AE05A1 /* FeedLoadingViewModel.swift */; };
		677292F8283C53D400AE05A1 /* FeedViewModel.swift in Sources */ = {isa = PBXBuildFile; fileRef = 677292F7283C53D400AE05A1 /* FeedViewModel.swift */; };
		677292FA283C53F100AE05A1 /* FeedErrorViewModel.swift in Sources */ = {isa = PBXBuildFile; fileRef = 677292F9283C53F100AE05A1 /* FeedErrorViewModel.swift */; };
		677292FB283C54CA00AE05A1 /* FeedLocalizationTests.swift in Sources */ = {isa = PBXBuildFile; fileRef = 6777E5C128330E300019FA1F /* FeedLocalizationTests.swift */; };
		6777E5BB28330A190019FA1F /* FeedUIIntegrationTests+Localization.swift in Sources */ = {isa = PBXBuildFile; fileRef = 6777E5BA28330A190019FA1F /* FeedUIIntegrationTests+Localization.swift */; };
		6777E5BC28330D520019FA1F /* Feed.strings in Resources */ = {isa = PBXBuildFile; fileRef = 6777E5BE28330D520019FA1F /* Feed.strings */; };
		67A5F4312827ED270044191A /* FeedImageCell.swift in Sources */ = {isa = PBXBuildFile; fileRef = 67A5F4302827ED270044191A /* FeedImageCell.swift */; };
		67A5F433282813450044191A /* UIView+Shimmering.swift in Sources */ = {isa = PBXBuildFile; fileRef = 67A5F432282813450044191A /* UIView+Shimmering.swift */; };
		67A629A32808E177007A5901 /* XCTestCase+MemoryLeaksHelper.swift in Sources */ = {isa = PBXBuildFile; fileRef = 67BF84F728085ED600CFC10E /* XCTestCase+MemoryLeaksHelper.swift */; };
		67A87F1D280F0DA9008717AC /* CacheFeedUseCaseTests.swift in Sources */ = {isa = PBXBuildFile; fileRef = 67A87F1C280F0DA9008717AC /* CacheFeedUseCaseTests.swift */; };
		67B4BBAC2808DA64006CD939 /* VKFeedAPIEndToEndTests.swift in Sources */ = {isa = PBXBuildFile; fileRef = 67B4BBAB2808DA64006CD939 /* VKFeedAPIEndToEndTests.swift */; };
		67B4BBAD2808DA64006CD939 /* VKFeed.framework in Frameworks */ = {isa = PBXBuildFile; fileRef = 67F3F7B02804664F0078CFEA /* VKFeed.framework */; };
		67BF84F828085ED600CFC10E /* XCTestCase+MemoryLeaksHelper.swift in Sources */ = {isa = PBXBuildFile; fileRef = 67BF84F728085ED600CFC10E /* XCTestCase+MemoryLeaksHelper.swift */; };
		67CA3A9F283D78CD004E247C /* FeedImagePresenterTests.swift in Sources */ = {isa = PBXBuildFile; fileRef = 67CA3A9E283D78CD004E247C /* FeedImagePresenterTests.swift */; };
		67CA3AA1283D9B83004E247C /* FeedImagePresenter.swift in Sources */ = {isa = PBXBuildFile; fileRef = 67CA3AA0283D9B83004E247C /* FeedImagePresenter.swift */; };
		67CA3AA3283D9C2B004E247C /* FeedImageViewModel.swift in Sources */ = {isa = PBXBuildFile; fileRef = 67CA3AA2283D9C2B004E247C /* FeedImageViewModel.swift */; };
		67CF6F4D2810493C001F40DB /* LoadCacheFeedUseCaseTests.swift in Sources */ = {isa = PBXBuildFile; fileRef = 67CF6F4C2810493C001F40DB /* LoadCacheFeedUseCaseTests.swift */; };
		67CF6F4F28104A0E001F40DB /* FeedStoreSpy.swift in Sources */ = {isa = PBXBuildFile; fileRef = 67CF6F4E28104A0E001F40DB /* FeedStoreSpy.swift */; };
		67D0C9BB28429A6D00A8541A /* HTTPClientSpy.swift in Sources */ = {isa = PBXBuildFile; fileRef = 67D0C9BA28429A6D00A8541A /* HTTPClientSpy.swift */; };
		67DF6836283501AE00D5F79A /* MainQueueDispatchDecorator.swift in Sources */ = {isa = PBXBuildFile; fileRef = 67DF6835283501AE00D5F79A /* MainQueueDispatchDecorator.swift */; };
		67DF68382835020B00D5F79A /* WeakRefVirtualProxy.swift in Sources */ = {isa = PBXBuildFile; fileRef = 67DF68372835020B00D5F79A /* WeakRefVirtualProxy.swift */; };
		67DF683A283502A500D5F79A /* FeedViewAdapter.swift in Sources */ = {isa = PBXBuildFile; fileRef = 67DF6839283502A500D5F79A /* FeedViewAdapter.swift */; };
		67DF683C283502BC00D5F79A /* FeedImageDataLoaderPresentationAdapter.swift in Sources */ = {isa = PBXBuildFile; fileRef = 67DF683B283502BC00D5F79A /* FeedImageDataLoaderPresentationAdapter.swift */; };
		67DF683E283502CE00D5F79A /* FeedLoaderPresentationAdapter.swift in Sources */ = {isa = PBXBuildFile; fileRef = 67DF683D283502CE00D5F79A /* FeedLoaderPresentationAdapter.swift */; };
		67E8A6CF281160A1004B20F2 /* ValidateCacheFeedUseCaseTests.swift in Sources */ = {isa = PBXBuildFile; fileRef = 67E8A6CE281160A1004B20F2 /* ValidateCacheFeedUseCaseTests.swift */; };
		67E8A6D128116CEC004B20F2 /* FeedCacheTestHelpers.swift in Sources */ = {isa = PBXBuildFile; fileRef = 67E8A6D028116CEC004B20F2 /* FeedCacheTestHelpers.swift */; };
		67E8A6D428116E5D004B20F2 /* SharedTestHelpers.swift in Sources */ = {isa = PBXBuildFile; fileRef = 67E8A6D328116E5D004B20F2 /* SharedTestHelpers.swift */; };
		67E8A6D828117C75004B20F2 /* FeedCachePolicy.swift in Sources */ = {isa = PBXBuildFile; fileRef = 67E8A6D728117C75004B20F2 /* FeedCachePolicy.swift */; };
		67E8A6DA28119382004B20F2 /* InboxChecklist in Resources */ = {isa = PBXBuildFile; fileRef = 67E8A6D928119382004B20F2 /* InboxChecklist */; };
		67E8A6DC2811A8EB004B20F2 /* CodableFeedStoreUseCaseTests.swift in Sources */ = {isa = PBXBuildFile; fileRef = 67E8A6DB2811A8EB004B20F2 /* CodableFeedStoreUseCaseTests.swift */; };
		67E8CBAB280897E800A48903 /* URLSessionHTTPClient.swift in Sources */ = {isa = PBXBuildFile; fileRef = 67E8CBAA280897E800A48903 /* URLSessionHTTPClient.swift */; };
		67E8E80E280F66240057A38E /* LocalFeedLoader.swift in Sources */ = {isa = PBXBuildFile; fileRef = 67E8E80C280F66200057A38E /* LocalFeedLoader.swift */; };
		67E8E810280F66460057A38E /* FeedStore.swift in Sources */ = {isa = PBXBuildFile; fileRef = 67E8E80F280F66460057A38E /* FeedStore.swift */; };
		67E8E81228100E750057A38E /* RemoteFeedItem.swift in Sources */ = {isa = PBXBuildFile; fileRef = 67E8E81128100E750057A38E /* RemoteFeedItem.swift */; };
		67E8E81428100E910057A38E /* LocalFeedImage.swift in Sources */ = {isa = PBXBuildFile; fileRef = 67E8E81328100E910057A38E /* LocalFeedImage.swift */; };
		67F3F7B52804664F0078CFEA /* VKFeed.docc in Sources */ = {isa = PBXBuildFile; fileRef = 67F3F7B42804664F0078CFEA /* VKFeed.docc */; };
		67F3F7B62804664F0078CFEA /* VKFeed.h in Headers */ = {isa = PBXBuildFile; fileRef = 67F3F7B32804664F0078CFEA /* VKFeed.h */; settings = {ATTRIBUTES = (Public, ); }; };
		67F3F7C4280466A00078CFEA /* VKFeed.framework in Frameworks */ = {isa = PBXBuildFile; fileRef = 67F3F7B02804664F0078CFEA /* VKFeed.framework */; };
		67F3F7CC28046CBD0078CFEA /* FeedImage.swift in Sources */ = {isa = PBXBuildFile; fileRef = 67F3F7CB28046CBD0078CFEA /* FeedImage.swift */; };
		67F3F7CE28046CE40078CFEA /* FeedLoader.swift in Sources */ = {isa = PBXBuildFile; fileRef = 67F3F7CD28046CE40078CFEA /* FeedLoader.swift */; };
		67F3F7D028046DAF0078CFEA /* LoadFeedFromRemoteUseCaseTests.swift in Sources */ = {isa = PBXBuildFile; fileRef = 67F3F7CF28046DAF0078CFEA /* LoadFeedFromRemoteUseCaseTests.swift */; };
		67F3F7D32804849A0078CFEA /* HTTPClient.swift in Sources */ = {isa = PBXBuildFile; fileRef = 67F3F7D22804849A0078CFEA /* HTTPClient.swift */; };
		67F3F7D5280484A50078CFEA /* RemoteFeedLoader.swift in Sources */ = {isa = PBXBuildFile; fileRef = 67F3F7D4280484A50078CFEA /* RemoteFeedLoader.swift */; };
		67F6BDD2281F4964004EB491 /* VKFeediOS.docc in Sources */ = {isa = PBXBuildFile; fileRef = 67F6BDD1281F4964004EB491 /* VKFeediOS.docc */; };
		67F6BDD8281F4964004EB491 /* VKFeediOS.framework in Frameworks */ = {isa = PBXBuildFile; fileRef = 67F6BDCE281F4963004EB491 /* VKFeediOS.framework */; };
		67F9BB5C2816A68500B606BA /* FeedStoreSpecs.swift in Sources */ = {isa = PBXBuildFile; fileRef = 67F9BB5B2816A68500B606BA /* FeedStoreSpecs.swift */; };
		67F9BB5E2816A76C00B606BA /* XCTestCase+FeedStoreSpecs.swift in Sources */ = {isa = PBXBuildFile; fileRef = 67F9BB5D2816A76C00B606BA /* XCTestCase+FeedStoreSpecs.swift */; };
		67F9BB602816AFEB00B606BA /* XCTestCase+FailableRetrieveFeedStoreSpecs.swift in Sources */ = {isa = PBXBuildFile; fileRef = 67F9BB5F2816AFEB00B606BA /* XCTestCase+FailableRetrieveFeedStoreSpecs.swift */; };
		67F9BB622816B25100B606BA /* XCTestCase+FailableInsertFeedStoreSpecs.swift in Sources */ = {isa = PBXBuildFile; fileRef = 67F9BB612816B25100B606BA /* XCTestCase+FailableInsertFeedStoreSpecs.swift */; };
		67F9BB642816B3CB00B606BA /* XCTestCase+FailableDeleteFeedStoreSpecs.swift in Sources */ = {isa = PBXBuildFile; fileRef = 67F9BB632816B3CB00B606BA /* XCTestCase+FailableDeleteFeedStoreSpecs.swift */; };
		67F9BB692816C2AC00B606BA /* CoreDataFeedStoreUseCaseTests.swift in Sources */ = {isa = PBXBuildFile; fileRef = 67F9BB682816C2AC00B606BA /* CoreDataFeedStoreUseCaseTests.swift */; };
		67F9BB6C2816C59000B606BA /* FeedStore.xcdatamodeld in Sources */ = {isa = PBXBuildFile; fileRef = 67F9BB6A2816C59000B606BA /* FeedStore.xcdatamodeld */; };
		67F9BB782816D10000B606BA /* CoreDataFeedStore.swift in Sources */ = {isa = PBXBuildFile; fileRef = 67F9BB772816D10000B606BA /* CoreDataFeedStore.swift */; };
		67F9BB7D2817133C00B606BA /* CoreDataHelpers.swift in Sources */ = {isa = PBXBuildFile; fileRef = 67F9BB7C2817133C00B606BA /* CoreDataHelpers.swift */; };
		67F9BB7F2817143C00B606BA /* ManagedCache.swift in Sources */ = {isa = PBXBuildFile; fileRef = 67F9BB7E2817143C00B606BA /* ManagedCache.swift */; };
		67F9BB812817145300B606BA /* ManagedFeedImage.swift in Sources */ = {isa = PBXBuildFile; fileRef = 67F9BB802817145300B606BA /* ManagedFeedImage.swift */; };
		67F9BB8928173E1000B606BA /* VKFeedCacheIntegrationTests.swift in Sources */ = {isa = PBXBuildFile; fileRef = 67F9BB8828173E1000B606BA /* VKFeedCacheIntegrationTests.swift */; };
		67F9BB8A28173E1000B606BA /* VKFeed.framework in Frameworks */ = {isa = PBXBuildFile; fileRef = 67F3F7B02804664F0078CFEA /* VKFeed.framework */; };
		67F9BB9028173E6B00B606BA /* XCTestCase+MemoryLeaksHelper.swift in Sources */ = {isa = PBXBuildFile; fileRef = 67BF84F728085ED600CFC10E /* XCTestCase+MemoryLeaksHelper.swift */; };
		67F9BB9128173E6F00B606BA /* SharedTestHelpers.swift in Sources */ = {isa = PBXBuildFile; fileRef = 67E8A6D328116E5D004B20F2 /* SharedTestHelpers.swift */; };
		67F9BB92281742E700B606BA /* FeedCacheTestHelpers.swift in Sources */ = {isa = PBXBuildFile; fileRef = 67E8A6D028116CEC004B20F2 /* FeedCacheTestHelpers.swift */; };
/* End PBXBuildFile section */

/* Begin PBXContainerItemProxy section */
		67B4BBAE2808DA64006CD939 /* PBXContainerItemProxy */ = {
			isa = PBXContainerItemProxy;
			containerPortal = 67F3F7A72804664F0078CFEA /* Project object */;
			proxyType = 1;
			remoteGlobalIDString = 67F3F7AF2804664F0078CFEA;
			remoteInfo = VKFeed;
		};
		67F3F7C5280466A00078CFEA /* PBXContainerItemProxy */ = {
			isa = PBXContainerItemProxy;
			containerPortal = 67F3F7A72804664F0078CFEA /* Project object */;
			proxyType = 1;
			remoteGlobalIDString = 67F3F7AF2804664F0078CFEA;
			remoteInfo = VKFeed;
		};
		67F6BDD9281F4964004EB491 /* PBXContainerItemProxy */ = {
			isa = PBXContainerItemProxy;
			containerPortal = 67F3F7A72804664F0078CFEA /* Project object */;
			proxyType = 1;
			remoteGlobalIDString = 67F6BDCD281F4963004EB491;
			remoteInfo = VKFeediOS;
		};
		67F9BB8B28173E1000B606BA /* PBXContainerItemProxy */ = {
			isa = PBXContainerItemProxy;
			containerPortal = 67F3F7A72804664F0078CFEA /* Project object */;
			proxyType = 1;
			remoteGlobalIDString = 67F3F7AF2804664F0078CFEA;
			remoteInfo = VKFeed;
		};
/* End PBXContainerItemProxy section */

/* Begin PBXFileReference section */
		670537A52831743B0065BEAB /* Feed.storyboard */ = {isa = PBXFileReference; lastKnownFileType = file.storyboard; path = Feed.storyboard; sourceTree = "<group>"; };
		670537A7283190510065BEAB /* UITableView+Dequeueing.swift */ = {isa = PBXFileReference; lastKnownFileType = sourcecode.swift; path = "UITableView+Dequeueing.swift"; sourceTree = "<group>"; };
		670537A9283192640065BEAB /* UIImageView+Animations.swift */ = {isa = PBXFileReference; lastKnownFileType = sourcecode.swift; path = "UIImageView+Animations.swift"; sourceTree = "<group>"; };
		6727989C282323A100924F82 /* FeedUIIntegrationTests.swift */ = {isa = PBXFileReference; lastKnownFileType = sourcecode.swift; path = FeedUIIntegrationTests.swift; sourceTree = "<group>"; };
		672798A32823402F00924F82 /* FeedViewController.swift */ = {isa = PBXFileReference; lastKnownFileType = sourcecode.swift; path = FeedViewController.swift; sourceTree = "<group>"; };
		6736AD9E283ED9D800D163CD /* RemoteFeedImageDataLoaderTests.swift */ = {isa = PBXFileReference; lastKnownFileType = sourcecode.swift; path = RemoteFeedImageDataLoaderTests.swift; sourceTree = "<group>"; };
		6737808F280621600054CD20 /* FeedItemsMapper.swift */ = {isa = PBXFileReference; lastKnownFileType = sourcecode.swift; path = FeedItemsMapper.swift; sourceTree = "<group>"; };
		67378092280700DB0054CD20 /* HTTPClientTests.swift */ = {isa = PBXFileReference; lastKnownFileType = sourcecode.swift; path = HTTPClientTests.swift; sourceTree = "<group>"; };
		673B45DC2815F6D100B4859D /* CodableFeedStore.swift */ = {isa = PBXFileReference; lastKnownFileType = sourcecode.swift; path = CodableFeedStore.swift; sourceTree = "<group>"; };
		674AC8B0282B07390059F18D /* FeedImageDataLoader.swift */ = {isa = PBXFileReference; lastKnownFileType = sourcecode.swift; path = FeedImageDataLoader.swift; sourceTree = "<group>"; };
		674AC8BD282B2F250059F18D /* FeedImageCellController.swift */ = {isa = PBXFileReference; lastKnownFileType = sourcecode.swift; path = FeedImageCellController.swift; sourceTree = "<group>"; };
		674AC8BF282B331C0059F18D /* FeedUIComposer.swift */ = {isa = PBXFileReference; lastKnownFileType = sourcecode.swift; path = FeedUIComposer.swift; sourceTree = "<group>"; };
		674AC8C3282B37680059F18D /* UIImage+TestHelpers.swift */ = {isa = PBXFileReference; lastKnownFileType = sourcecode.swift; path = "UIImage+TestHelpers.swift"; sourceTree = "<group>"; };
		674AC8C5282B37B10059F18D /* UIRefreshControl+TestHelpers.swift */ = {isa = PBXFileReference; lastKnownFileType = sourcecode.swift; path = "UIRefreshControl+TestHelpers.swift"; sourceTree = "<group>"; };
		674AC8C7282B37E60059F18D /* UIButton+TestHelpers.swift */ = {isa = PBXFileReference; lastKnownFileType = sourcecode.swift; path = "UIButton+TestHelpers.swift"; sourceTree = "<group>"; };
		674AC8C9282B38140059F18D /* UIControl+TestHelpers.swift */ = {isa = PBXFileReference; lastKnownFileType = sourcecode.swift; path = "UIControl+TestHelpers.swift"; sourceTree = "<group>"; };
		674AC8CB282B38A00059F18D /* FeedViewController+TestHelpers.swift */ = {isa = PBXFileReference; lastKnownFileType = sourcecode.swift; path = "FeedViewController+TestHelpers.swift"; sourceTree = "<group>"; };
		674AC8CD282B39510059F18D /* FeedImageCell+TestHelpers.swift */ = {isa = PBXFileReference; lastKnownFileType = sourcecode.swift; path = "FeedImageCell+TestHelpers.swift"; sourceTree = "<group>"; };
		674AC8D0282B39D70059F18D /* FeedUIIntegrationTests+LoaderSpy.swift */ = {isa = PBXFileReference; lastKnownFileType = sourcecode.swift; path = "FeedUIIntegrationTests+LoaderSpy.swift"; sourceTree = "<group>"; };
		674AC8D2282B3A900059F18D /* FeedUIIntegrationTests+Assertions.swift */ = {isa = PBXFileReference; lastKnownFileType = sourcecode.swift; path = "FeedUIIntegrationTests+Assertions.swift"; sourceTree = "<group>"; };
		677292E0283C2E7100AE05A1 /* ErrorView.swift */ = {isa = PBXFileReference; lastKnownFileType = sourcecode.swift; path = ErrorView.swift; sourceTree = "<group>"; };
		677292E5283C336300AE05A1 /* UIRefreshControl+Helpers.swift */ = {isa = PBXFileReference; lastKnownFileType = sourcecode.swift; path = "UIRefreshControl+Helpers.swift"; sourceTree = "<group>"; };
		677292E8283C363C00AE05A1 /* FeedPresenterTests.swift */ = {isa = PBXFileReference; lastKnownFileType = sourcecode.swift; path = FeedPresenterTests.swift; sourceTree = "<group>"; };
		677292ED283C516D00AE05A1 /* en */ = {isa = PBXFileReference; lastKnownFileType = text.plist.strings; name = en; path = en.lproj/Feed.strings; sourceTree = "<group>"; };
		677292EF283C516E00AE05A1 /* el */ = {isa = PBXFileReference; lastKnownFileType = text.plist.strings; name = el; path = el.lproj/Feed.strings; sourceTree = "<group>"; };
		677292F0283C516F00AE05A1 /* pt-BR */ = {isa = PBXFileReference; lastKnownFileType = text.plist.strings; name = "pt-BR"; path = "pt-BR.lproj/Feed.strings"; sourceTree = "<group>"; };
		677292F2283C52CE00AE05A1 /* FeedPresenter.swift */ = {isa = PBXFileReference; lastKnownFileType = sourcecode.swift; path = FeedPresenter.swift; sourceTree = "<group>"; };
		677292F5283C53BA00AE05A1 /* FeedLoadingViewModel.swift */ = {isa = PBXFileReference; lastKnownFileType = sourcecode.swift; path = FeedLoadingViewModel.swift; sourceTree = "<group>"; };
		677292F7283C53D400AE05A1 /* FeedViewModel.swift */ = {isa = PBXFileReference; lastKnownFileType = sourcecode.swift; path = FeedViewModel.swift; sourceTree = "<group>"; };
		677292F9283C53F100AE05A1 /* FeedErrorViewModel.swift */ = {isa = PBXFileReference; lastKnownFileType = sourcecode.swift; path = FeedErrorViewModel.swift; sourceTree = "<group>"; };
		6777E5BA28330A190019FA1F /* FeedUIIntegrationTests+Localization.swift */ = {isa = PBXFileReference; lastKnownFileType = sourcecode.swift; path = "FeedUIIntegrationTests+Localization.swift"; sourceTree = "<group>"; };
		6777E5BD28330D520019FA1F /* en */ = {isa = PBXFileReference; lastKnownFileType = text.plist.strings; name = en; path = en.lproj/Feed.strings; sourceTree = "<group>"; };
		6777E5BF28330DC50019FA1F /* pt-BR */ = {isa = PBXFileReference; lastKnownFileType = text.plist.strings; name = "pt-BR"; path = "pt-BR.lproj/Feed.strings"; sourceTree = "<group>"; };
		6777E5C028330DF70019FA1F /* el */ = {isa = PBXFileReference; lastKnownFileType = text.plist.strings; name = el; path = el.lproj/Feed.strings; sourceTree = "<group>"; };
		6777E5C128330E300019FA1F /* FeedLocalizationTests.swift */ = {isa = PBXFileReference; lastKnownFileType = sourcecode.swift; path = FeedLocalizationTests.swift; sourceTree = "<group>"; };
		67A5F4302827ED270044191A /* FeedImageCell.swift */ = {isa = PBXFileReference; lastKnownFileType = sourcecode.swift; path = FeedImageCell.swift; sourceTree = "<group>"; };
		67A5F432282813450044191A /* UIView+Shimmering.swift */ = {isa = PBXFileReference; lastKnownFileType = sourcecode.swift; path = "UIView+Shimmering.swift"; sourceTree = "<group>"; };
		67A87F1A280EF5DA008717AC /* README.md */ = {isa = PBXFileReference; lastKnownFileType = net.daringfireball.markdown; path = README.md; sourceTree = "<group>"; };
		67A87F1C280F0DA9008717AC /* CacheFeedUseCaseTests.swift */ = {isa = PBXFileReference; lastKnownFileType = sourcecode.swift; path = CacheFeedUseCaseTests.swift; sourceTree = "<group>"; };
		67B4BBA92808DA64006CD939 /* VKFeedAPIEndToEndTests.xctest */ = {isa = PBXFileReference; explicitFileType = wrapper.cfbundle; includeInIndex = 0; path = VKFeedAPIEndToEndTests.xctest; sourceTree = BUILT_PRODUCTS_DIR; };
		67B4BBAB2808DA64006CD939 /* VKFeedAPIEndToEndTests.swift */ = {isa = PBXFileReference; lastKnownFileType = sourcecode.swift; path = VKFeedAPIEndToEndTests.swift; sourceTree = "<group>"; };
		67BF84F728085ED600CFC10E /* XCTestCase+MemoryLeaksHelper.swift */ = {isa = PBXFileReference; lastKnownFileType = sourcecode.swift; path = "XCTestCase+MemoryLeaksHelper.swift"; sourceTree = "<group>"; };
		67CA3A9E283D78CD004E247C /* FeedImagePresenterTests.swift */ = {isa = PBXFileReference; lastKnownFileType = sourcecode.swift; path = FeedImagePresenterTests.swift; sourceTree = "<group>"; };
		67CA3AA0283D9B83004E247C /* FeedImagePresenter.swift */ = {isa = PBXFileReference; lastKnownFileType = sourcecode.swift; path = FeedImagePresenter.swift; sourceTree = "<group>"; };
		67CA3AA2283D9C2B004E247C /* FeedImageViewModel.swift */ = {isa = PBXFileReference; lastKnownFileType = sourcecode.swift; path = FeedImageViewModel.swift; sourceTree = "<group>"; };
		67CF6F4C2810493C001F40DB /* LoadCacheFeedUseCaseTests.swift */ = {isa = PBXFileReference; lastKnownFileType = sourcecode.swift; path = LoadCacheFeedUseCaseTests.swift; sourceTree = "<group>"; };
		67CF6F4E28104A0E001F40DB /* FeedStoreSpy.swift */ = {isa = PBXFileReference; lastKnownFileType = sourcecode.swift; path = FeedStoreSpy.swift; sourceTree = "<group>"; };
		67D0C9BA28429A6D00A8541A /* HTTPClientSpy.swift */ = {isa = PBXFileReference; lastKnownFileType = sourcecode.swift; path = HTTPClientSpy.swift; sourceTree = "<group>"; };
		67DF6835283501AE00D5F79A /* MainQueueDispatchDecorator.swift */ = {isa = PBXFileReference; lastKnownFileType = sourcecode.swift; path = MainQueueDispatchDecorator.swift; sourceTree = "<group>"; };
		67DF68372835020B00D5F79A /* WeakRefVirtualProxy.swift */ = {isa = PBXFileReference; lastKnownFileType = sourcecode.swift; path = WeakRefVirtualProxy.swift; sourceTree = "<group>"; };
		67DF6839283502A500D5F79A /* FeedViewAdapter.swift */ = {isa = PBXFileReference; lastKnownFileType = sourcecode.swift; path = FeedViewAdapter.swift; sourceTree = "<group>"; };
		67DF683B283502BC00D5F79A /* FeedImageDataLoaderPresentationAdapter.swift */ = {isa = PBXFileReference; lastKnownFileType = sourcecode.swift; path = FeedImageDataLoaderPresentationAdapter.swift; sourceTree = "<group>"; };
		67DF683D283502CE00D5F79A /* FeedLoaderPresentationAdapter.swift */ = {isa = PBXFileReference; lastKnownFileType = sourcecode.swift; path = FeedLoaderPresentationAdapter.swift; sourceTree = "<group>"; };
		67E8A6CE281160A1004B20F2 /* ValidateCacheFeedUseCaseTests.swift */ = {isa = PBXFileReference; lastKnownFileType = sourcecode.swift; path = ValidateCacheFeedUseCaseTests.swift; sourceTree = "<group>"; };
		67E8A6D028116CEC004B20F2 /* FeedCacheTestHelpers.swift */ = {isa = PBXFileReference; lastKnownFileType = sourcecode.swift; path = FeedCacheTestHelpers.swift; sourceTree = "<group>"; };
		67E8A6D328116E5D004B20F2 /* SharedTestHelpers.swift */ = {isa = PBXFileReference; lastKnownFileType = sourcecode.swift; path = SharedTestHelpers.swift; sourceTree = "<group>"; };
		67E8A6D728117C75004B20F2 /* FeedCachePolicy.swift */ = {isa = PBXFileReference; lastKnownFileType = sourcecode.swift; path = FeedCachePolicy.swift; sourceTree = "<group>"; };
		67E8A6D928119382004B20F2 /* InboxChecklist */ = {isa = PBXFileReference; lastKnownFileType = text; path = InboxChecklist; sourceTree = "<group>"; };
		67E8A6DB2811A8EB004B20F2 /* CodableFeedStoreUseCaseTests.swift */ = {isa = PBXFileReference; lastKnownFileType = sourcecode.swift; path = CodableFeedStoreUseCaseTests.swift; sourceTree = "<group>"; };
		67E8CBAA280897E800A48903 /* URLSessionHTTPClient.swift */ = {isa = PBXFileReference; lastKnownFileType = sourcecode.swift; path = URLSessionHTTPClient.swift; sourceTree = "<group>"; };
		67E8E80C280F66200057A38E /* LocalFeedLoader.swift */ = {isa = PBXFileReference; lastKnownFileType = sourcecode.swift; path = LocalFeedLoader.swift; sourceTree = "<group>"; };
		67E8E80F280F66460057A38E /* FeedStore.swift */ = {isa = PBXFileReference; lastKnownFileType = sourcecode.swift; path = FeedStore.swift; sourceTree = "<group>"; };
		67E8E81128100E750057A38E /* RemoteFeedItem.swift */ = {isa = PBXFileReference; lastKnownFileType = sourcecode.swift; path = RemoteFeedItem.swift; sourceTree = "<group>"; };
		67E8E81328100E910057A38E /* LocalFeedImage.swift */ = {isa = PBXFileReference; lastKnownFileType = sourcecode.swift; path = LocalFeedImage.swift; sourceTree = "<group>"; };
		67F3F7B02804664F0078CFEA /* VKFeed.framework */ = {isa = PBXFileReference; explicitFileType = wrapper.framework; includeInIndex = 0; path = VKFeed.framework; sourceTree = BUILT_PRODUCTS_DIR; };
		67F3F7B32804664F0078CFEA /* VKFeed.h */ = {isa = PBXFileReference; lastKnownFileType = sourcecode.c.h; path = VKFeed.h; sourceTree = "<group>"; };
		67F3F7B42804664F0078CFEA /* VKFeed.docc */ = {isa = PBXFileReference; lastKnownFileType = folder.documentationcatalog; path = VKFeed.docc; sourceTree = "<group>"; };
		67F3F7C0280466A00078CFEA /* VKFeedTests.xctest */ = {isa = PBXFileReference; explicitFileType = wrapper.cfbundle; includeInIndex = 0; path = VKFeedTests.xctest; sourceTree = BUILT_PRODUCTS_DIR; };
		67F3F7CB28046CBD0078CFEA /* FeedImage.swift */ = {isa = PBXFileReference; lastKnownFileType = sourcecode.swift; path = FeedImage.swift; sourceTree = "<group>"; };
		67F3F7CD28046CE40078CFEA /* FeedLoader.swift */ = {isa = PBXFileReference; lastKnownFileType = sourcecode.swift; path = FeedLoader.swift; sourceTree = "<group>"; };
		67F3F7CF28046DAF0078CFEA /* LoadFeedFromRemoteUseCaseTests.swift */ = {isa = PBXFileReference; lastKnownFileType = sourcecode.swift; path = LoadFeedFromRemoteUseCaseTests.swift; sourceTree = "<group>"; };
		67F3F7D22804849A0078CFEA /* HTTPClient.swift */ = {isa = PBXFileReference; lastKnownFileType = sourcecode.swift; path = HTTPClient.swift; sourceTree = "<group>"; };
		67F3F7D4280484A50078CFEA /* RemoteFeedLoader.swift */ = {isa = PBXFileReference; lastKnownFileType = sourcecode.swift; path = RemoteFeedLoader.swift; sourceTree = "<group>"; };
		67F6BDCE281F4963004EB491 /* VKFeediOS.framework */ = {isa = PBXFileReference; explicitFileType = wrapper.framework; includeInIndex = 0; path = VKFeediOS.framework; sourceTree = BUILT_PRODUCTS_DIR; };
		67F6BDD1281F4964004EB491 /* VKFeediOS.docc */ = {isa = PBXFileReference; lastKnownFileType = folder.documentationcatalog; path = VKFeediOS.docc; sourceTree = "<group>"; };
		67F6BDD7281F4964004EB491 /* VKFeediOSTests.xctest */ = {isa = PBXFileReference; explicitFileType = wrapper.cfbundle; includeInIndex = 0; path = VKFeediOSTests.xctest; sourceTree = BUILT_PRODUCTS_DIR; };
		67F9BB5B2816A68500B606BA /* FeedStoreSpecs.swift */ = {isa = PBXFileReference; lastKnownFileType = sourcecode.swift; path = FeedStoreSpecs.swift; sourceTree = "<group>"; };
		67F9BB5D2816A76C00B606BA /* XCTestCase+FeedStoreSpecs.swift */ = {isa = PBXFileReference; lastKnownFileType = sourcecode.swift; path = "XCTestCase+FeedStoreSpecs.swift"; sourceTree = "<group>"; };
		67F9BB5F2816AFEB00B606BA /* XCTestCase+FailableRetrieveFeedStoreSpecs.swift */ = {isa = PBXFileReference; lastKnownFileType = sourcecode.swift; path = "XCTestCase+FailableRetrieveFeedStoreSpecs.swift"; sourceTree = "<group>"; };
		67F9BB612816B25100B606BA /* XCTestCase+FailableInsertFeedStoreSpecs.swift */ = {isa = PBXFileReference; lastKnownFileType = sourcecode.swift; path = "XCTestCase+FailableInsertFeedStoreSpecs.swift"; sourceTree = "<group>"; };
		67F9BB632816B3CB00B606BA /* XCTestCase+FailableDeleteFeedStoreSpecs.swift */ = {isa = PBXFileReference; lastKnownFileType = sourcecode.swift; path = "XCTestCase+FailableDeleteFeedStoreSpecs.swift"; sourceTree = "<group>"; };
		67F9BB682816C2AC00B606BA /* CoreDataFeedStoreUseCaseTests.swift */ = {isa = PBXFileReference; lastKnownFileType = sourcecode.swift; path = CoreDataFeedStoreUseCaseTests.swift; sourceTree = "<group>"; };
		67F9BB6B2816C59000B606BA /* FeedStore.xcdatamodel */ = {isa = PBXFileReference; lastKnownFileType = wrapper.xcdatamodel; path = FeedStore.xcdatamodel; sourceTree = "<group>"; };
		67F9BB772816D10000B606BA /* CoreDataFeedStore.swift */ = {isa = PBXFileReference; lastKnownFileType = sourcecode.swift; path = CoreDataFeedStore.swift; sourceTree = "<group>"; };
		67F9BB7C2817133C00B606BA /* CoreDataHelpers.swift */ = {isa = PBXFileReference; lastKnownFileType = sourcecode.swift; path = CoreDataHelpers.swift; sourceTree = "<group>"; };
		67F9BB7E2817143C00B606BA /* ManagedCache.swift */ = {isa = PBXFileReference; lastKnownFileType = sourcecode.swift; path = ManagedCache.swift; sourceTree = "<group>"; };
		67F9BB802817145300B606BA /* ManagedFeedImage.swift */ = {isa = PBXFileReference; lastKnownFileType = sourcecode.swift; path = ManagedFeedImage.swift; sourceTree = "<group>"; };
		67F9BB8628173E1000B606BA /* VKFeedCacheIntegrationTests.xctest */ = {isa = PBXFileReference; explicitFileType = wrapper.cfbundle; includeInIndex = 0; path = VKFeedCacheIntegrationTests.xctest; sourceTree = BUILT_PRODUCTS_DIR; };
		67F9BB8828173E1000B606BA /* VKFeedCacheIntegrationTests.swift */ = {isa = PBXFileReference; lastKnownFileType = sourcecode.swift; path = VKFeedCacheIntegrationTests.swift; sourceTree = "<group>"; };
/* End PBXFileReference section */

/* Begin PBXFrameworksBuildPhase section */
		67B4BBA62808DA63006CD939 /* Frameworks */ = {
			isa = PBXFrameworksBuildPhase;
			buildActionMask = 2147483647;
			files = (
				67B4BBAD2808DA64006CD939 /* VKFeed.framework in Frameworks */,
			);
			runOnlyForDeploymentPostprocessing = 0;
		};
		67F3F7AD2804664F0078CFEA /* Frameworks */ = {
			isa = PBXFrameworksBuildPhase;
			buildActionMask = 2147483647;
			files = (
			);
			runOnlyForDeploymentPostprocessing = 0;
		};
		67F3F7BD280466A00078CFEA /* Frameworks */ = {
			isa = PBXFrameworksBuildPhase;
			buildActionMask = 2147483647;
			files = (
				67F3F7C4280466A00078CFEA /* VKFeed.framework in Frameworks */,
			);
			runOnlyForDeploymentPostprocessing = 0;
		};
		67F6BDCB281F4963004EB491 /* Frameworks */ = {
			isa = PBXFrameworksBuildPhase;
			buildActionMask = 2147483647;
			files = (
			);
			runOnlyForDeploymentPostprocessing = 0;
		};
		67F6BDD4281F4964004EB491 /* Frameworks */ = {
			isa = PBXFrameworksBuildPhase;
			buildActionMask = 2147483647;
			files = (
				67F6BDD8281F4964004EB491 /* VKFeediOS.framework in Frameworks */,
			);
			runOnlyForDeploymentPostprocessing = 0;
		};
		67F9BB8328173E1000B606BA /* Frameworks */ = {
			isa = PBXFrameworksBuildPhase;
			buildActionMask = 2147483647;
			files = (
				67F9BB8A28173E1000B606BA /* VKFeed.framework in Frameworks */,
			);
			runOnlyForDeploymentPostprocessing = 0;
		};
/* End PBXFrameworksBuildPhase section */

/* Begin PBXGroup section */
		6737809128062D260054CD20 /* Feed API */ = {
			isa = PBXGroup;
			children = (
				67F3F7CF28046DAF0078CFEA /* LoadFeedFromRemoteUseCaseTests.swift */,
				6736AD9E283ED9D800D163CD /* RemoteFeedImageDataLoaderTests.swift */,
				67378092280700DB0054CD20 /* HTTPClientTests.swift */,
			);
			path = "Feed API";
			sourceTree = "<group>";
		};
		674509CB283133B600EC0993 /* Feed Presentation */ = {
			isa = PBXGroup;
			children = (
				6777E5BE28330D520019FA1F /* Feed.strings */,
			);
			path = "Feed Presentation";
			sourceTree = "<group>";
		};
		674AC8B3282B076C0059F18D /* Feed UI */ = {
			isa = PBXGroup;
			children = (
				674509CB283133B600EC0993 /* Feed Presentation */,
				674AC8C1282B33220059F18D /* Composers */,
				674AC8B5282B077C0059F18D /* Controllers */,
				674AC8B6282B07810059F18D /* Views */,
			);
			path = "Feed UI";
			sourceTree = "<group>";
		};
		674AC8B5282B077C0059F18D /* Controllers */ = {
			isa = PBXGroup;
			children = (
				674AC8BD282B2F250059F18D /* FeedImageCellController.swift */,
				672798A32823402F00924F82 /* FeedViewController.swift */,
			);
			path = Controllers;
			sourceTree = "<group>";
		};
		674AC8B6282B07810059F18D /* Views */ = {
			isa = PBXGroup;
			children = (
				677292E2283C32ED00AE05A1 /* Helpers */,
				67A5F4302827ED270044191A /* FeedImageCell.swift */,
				677292E0283C2E7100AE05A1 /* ErrorView.swift */,
				670537A52831743B0065BEAB /* Feed.storyboard */,
			);
			path = Views;
			sourceTree = "<group>";
		};
		674AC8B7282B079E0059F18D /* Feed UI */ = {
			isa = PBXGroup;
			children = (
				674AC8CF282B39B20059F18D /* Helpers */,
				6727989C282323A100924F82 /* FeedUIIntegrationTests.swift */,
			);
			path = "Feed UI";
			sourceTree = "<group>";
		};
		674AC8C1282B33220059F18D /* Composers */ = {
			isa = PBXGroup;
			children = (
				674AC8BF282B331C0059F18D /* FeedUIComposer.swift */,
				67DF6839283502A500D5F79A /* FeedViewAdapter.swift */,
				67DF683D283502CE00D5F79A /* FeedLoaderPresentationAdapter.swift */,
				67DF683B283502BC00D5F79A /* FeedImageDataLoaderPresentationAdapter.swift */,
				67DF6835283501AE00D5F79A /* MainQueueDispatchDecorator.swift */,
				67DF68372835020B00D5F79A /* WeakRefVirtualProxy.swift */,
			);
			path = Composers;
			sourceTree = "<group>";
		};
		674AC8CF282B39B20059F18D /* Helpers */ = {
			isa = PBXGroup;
			children = (
				674AC8C3282B37680059F18D /* UIImage+TestHelpers.swift */,
				674AC8C5282B37B10059F18D /* UIRefreshControl+TestHelpers.swift */,
				674AC8C7282B37E60059F18D /* UIButton+TestHelpers.swift */,
				674AC8C9282B38140059F18D /* UIControl+TestHelpers.swift */,
				674AC8D0282B39D70059F18D /* FeedUIIntegrationTests+LoaderSpy.swift */,
				674AC8CB282B38A00059F18D /* FeedViewController+TestHelpers.swift */,
				674AC8D2282B3A900059F18D /* FeedUIIntegrationTests+Assertions.swift */,
				6777E5BA28330A190019FA1F /* FeedUIIntegrationTests+Localization.swift */,
				674AC8CD282B39510059F18D /* FeedImageCell+TestHelpers.swift */,
			);
			path = Helpers;
			sourceTree = "<group>";
		};
		677292E2283C32ED00AE05A1 /* Helpers */ = {
			isa = PBXGroup;
			children = (
				67A5F432282813450044191A /* UIView+Shimmering.swift */,
				670537A7283190510065BEAB /* UITableView+Dequeueing.swift */,
				670537A9283192640065BEAB /* UIImageView+Animations.swift */,
				677292E5283C336300AE05A1 /* UIRefreshControl+Helpers.swift */,
			);
			path = Helpers;
			sourceTree = "<group>";
		};
		677292E7283C362C00AE05A1 /* Feed Presentation */ = {
			isa = PBXGroup;
			children = (
				677292E8283C363C00AE05A1 /* FeedPresenterTests.swift */,
				67CA3A9E283D78CD004E247C /* FeedImagePresenterTests.swift */,
				6777E5C128330E300019FA1F /* FeedLocalizationTests.swift */,
			);
			path = "Feed Presentation";
			sourceTree = "<group>";
		};
		677292F1283C52BE00AE05A1 /* Feed Presentation */ = {
			isa = PBXGroup;
			children = (
				677292F5283C53BA00AE05A1 /* FeedLoadingViewModel.swift */,
				677292F7283C53D400AE05A1 /* FeedViewModel.swift */,
				677292F9283C53F100AE05A1 /* FeedErrorViewModel.swift */,
				677292F2283C52CE00AE05A1 /* FeedPresenter.swift */,
				67CA3AA0283D9B83004E247C /* FeedImagePresenter.swift */,
				67CA3AA2283D9C2B004E247C /* FeedImageViewModel.swift */,
				677292EE283C516D00AE05A1 /* Feed.strings */,
			);
			path = "Feed Presentation";
			sourceTree = "<group>";
		};
		67A87F1B280F0D93008717AC /* Feed Cache */ = {
			isa = PBXGroup;
			children = (
				67F9BB652816B52F00B606BA /* FeedStoreSpecs */,
				67E8A6D228116DD6004B20F2 /* Helpers */,
				67A87F1C280F0DA9008717AC /* CacheFeedUseCaseTests.swift */,
				67CF6F4C2810493C001F40DB /* LoadCacheFeedUseCaseTests.swift */,
				67E8A6CE281160A1004B20F2 /* ValidateCacheFeedUseCaseTests.swift */,
				67E8A6DB2811A8EB004B20F2 /* CodableFeedStoreUseCaseTests.swift */,
				67F9BB682816C2AC00B606BA /* CoreDataFeedStoreUseCaseTests.swift */,
			);
			path = "Feed Cache";
			sourceTree = "<group>";
		};
		67B4BBAA2808DA64006CD939 /* VKFeedAPIEndToEndTests */ = {
			isa = PBXGroup;
			children = (
				67B4BBAB2808DA64006CD939 /* VKFeedAPIEndToEndTests.swift */,
			);
			path = VKFeedAPIEndToEndTests;
			sourceTree = "<group>";
		};
		67BF84F928085EF100CFC10E /* Helpers */ = {
			isa = PBXGroup;
			children = (
				67BF84F728085ED600CFC10E /* XCTestCase+MemoryLeaksHelper.swift */,
				67E8A6D328116E5D004B20F2 /* SharedTestHelpers.swift */,
				67D0C9BA28429A6D00A8541A /* HTTPClientSpy.swift */,
			);
			path = Helpers;
			sourceTree = "<group>";
		};
		67E8A6D228116DD6004B20F2 /* Helpers */ = {
			isa = PBXGroup;
			children = (
				67E8A6D028116CEC004B20F2 /* FeedCacheTestHelpers.swift */,
				67CF6F4E28104A0E001F40DB /* FeedStoreSpy.swift */,
			);
			path = Helpers;
			sourceTree = "<group>";
		};
		67E8E80B280F660F0057A38E /* Feed Cache */ = {
			isa = PBXGroup;
			children = (
				67F9BB792817129700B606BA /* Infrastructure */,
				67E8A6D928119382004B20F2 /* InboxChecklist */,
				67E8A6D728117C75004B20F2 /* FeedCachePolicy.swift */,
				67E8E80C280F66200057A38E /* LocalFeedLoader.swift */,
				67E8E80F280F66460057A38E /* FeedStore.swift */,
				67E8E81328100E910057A38E /* LocalFeedImage.swift */,
			);
			path = "Feed Cache";
			sourceTree = "<group>";
		};
		67F3F7A62804664F0078CFEA = {
			isa = PBXGroup;
			children = (
				67F3F7B22804664F0078CFEA /* VKFeed */,
				67F3F7C1280466A00078CFEA /* VKFeedTests */,
				67B4BBAA2808DA64006CD939 /* VKFeedAPIEndToEndTests */,
				67F9BB8728173E1000B606BA /* VKFeedCacheIntegrationTests */,
				67F6BDCF281F4964004EB491 /* VKFeediOS */,
				67F6BDDB281F4964004EB491 /* VKFeediOSTests */,
				67F3F7B12804664F0078CFEA /* Products */,
			);
			sourceTree = "<group>";
		};
		67F3F7B12804664F0078CFEA /* Products */ = {
			isa = PBXGroup;
			children = (
				67F3F7B02804664F0078CFEA /* VKFeed.framework */,
				67F3F7C0280466A00078CFEA /* VKFeedTests.xctest */,
				67B4BBA92808DA64006CD939 /* VKFeedAPIEndToEndTests.xctest */,
				67F9BB8628173E1000B606BA /* VKFeedCacheIntegrationTests.xctest */,
				67F6BDCE281F4963004EB491 /* VKFeediOS.framework */,
				67F6BDD7281F4964004EB491 /* VKFeediOSTests.xctest */,
			);
			name = Products;
			sourceTree = "<group>";
		};
		67F3F7B22804664F0078CFEA /* VKFeed */ = {
			isa = PBXGroup;
			children = (
				677292F1283C52BE00AE05A1 /* Feed Presentation */,
				67F3F7CA28046CAA0078CFEA /* Load Feed Feature */,
				67F3F7D1280484870078CFEA /* Feed API */,
				67E8E80B280F660F0057A38E /* Feed Cache */,
				67F3F7B32804664F0078CFEA /* VKFeed.h */,
				67A87F1A280EF5DA008717AC /* README.md */,
				67F3F7B42804664F0078CFEA /* VKFeed.docc */,
			);
			path = VKFeed;
			sourceTree = "<group>";
		};
		67F3F7C1280466A00078CFEA /* VKFeedTests */ = {
			isa = PBXGroup;
			children = (
				67BF84F928085EF100CFC10E /* Helpers */,
				67A87F1B280F0D93008717AC /* Feed Cache */,
				6737809128062D260054CD20 /* Feed API */,
				677292E7283C362C00AE05A1 /* Feed Presentation */,
			);
			path = VKFeedTests;
			sourceTree = "<group>";
		};
		67F3F7CA28046CAA0078CFEA /* Load Feed Feature */ = {
			isa = PBXGroup;
			children = (
				67F3F7CB28046CBD0078CFEA /* FeedImage.swift */,
				67F3F7CD28046CE40078CFEA /* FeedLoader.swift */,
				674AC8B0282B07390059F18D /* FeedImageDataLoader.swift */,
			);
			path = "Load Feed Feature";
			sourceTree = "<group>";
		};
		67F3F7D1280484870078CFEA /* Feed API */ = {
			isa = PBXGroup;
			children = (
				67F3F7D22804849A0078CFEA /* HTTPClient.swift */,
				67E8CBAA280897E800A48903 /* URLSessionHTTPClient.swift */,
				67F3F7D4280484A50078CFEA /* RemoteFeedLoader.swift */,
				67E8E81128100E750057A38E /* RemoteFeedItem.swift */,
				6737808F280621600054CD20 /* FeedItemsMapper.swift */,
			);
			path = "Feed API";
			sourceTree = "<group>";
		};
		67F6BDCF281F4964004EB491 /* VKFeediOS */ = {
			isa = PBXGroup;
			children = (
				674AC8B3282B076C0059F18D /* Feed UI */,
				67F6BDD1281F4964004EB491 /* VKFeediOS.docc */,
			);
			path = VKFeediOS;
			sourceTree = "<group>";
		};
		67F6BDDB281F4964004EB491 /* VKFeediOSTests */ = {
			isa = PBXGroup;
			children = (
				674AC8B7282B079E0059F18D /* Feed UI */,
			);
			path = VKFeediOSTests;
			sourceTree = "<group>";
		};
		67F9BB652816B52F00B606BA /* FeedStoreSpecs */ = {
			isa = PBXGroup;
			children = (
				67F9BB5B2816A68500B606BA /* FeedStoreSpecs.swift */,
				67F9BB5D2816A76C00B606BA /* XCTestCase+FeedStoreSpecs.swift */,
				67F9BB5F2816AFEB00B606BA /* XCTestCase+FailableRetrieveFeedStoreSpecs.swift */,
				67F9BB612816B25100B606BA /* XCTestCase+FailableInsertFeedStoreSpecs.swift */,
				67F9BB632816B3CB00B606BA /* XCTestCase+FailableDeleteFeedStoreSpecs.swift */,
			);
			path = FeedStoreSpecs;
			sourceTree = "<group>";
		};
		67F9BB792817129700B606BA /* Infrastructure */ = {
			isa = PBXGroup;
			children = (
				67F9BB7B281712EB00B606BA /* Codable */,
				67F9BB7A2817129D00B606BA /* CoreData */,
			);
			path = Infrastructure;
			sourceTree = "<group>";
		};
		67F9BB7A2817129D00B606BA /* CoreData */ = {
			isa = PBXGroup;
			children = (
				67F9BB7E2817143C00B606BA /* ManagedCache.swift */,
				67F9BB802817145300B606BA /* ManagedFeedImage.swift */,
				67F9BB772816D10000B606BA /* CoreDataFeedStore.swift */,
				67F9BB7C2817133C00B606BA /* CoreDataHelpers.swift */,
				67F9BB6A2816C59000B606BA /* FeedStore.xcdatamodeld */,
			);
			path = CoreData;
			sourceTree = "<group>";
		};
		67F9BB7B281712EB00B606BA /* Codable */ = {
			isa = PBXGroup;
			children = (
				673B45DC2815F6D100B4859D /* CodableFeedStore.swift */,
			);
			name = Codable;
			sourceTree = "<group>";
		};
		67F9BB8728173E1000B606BA /* VKFeedCacheIntegrationTests */ = {
			isa = PBXGroup;
			children = (
				67F9BB8828173E1000B606BA /* VKFeedCacheIntegrationTests.swift */,
			);
			path = VKFeedCacheIntegrationTests;
			sourceTree = "<group>";
		};
/* End PBXGroup section */

/* Begin PBXHeadersBuildPhase section */
		67F3F7AB2804664F0078CFEA /* Headers */ = {
			isa = PBXHeadersBuildPhase;
			buildActionMask = 2147483647;
			files = (
				67F3F7B62804664F0078CFEA /* VKFeed.h in Headers */,
			);
			runOnlyForDeploymentPostprocessing = 0;
		};
		67F6BDC9281F4963004EB491 /* Headers */ = {
			isa = PBXHeadersBuildPhase;
			buildActionMask = 2147483647;
			files = (
			);
			runOnlyForDeploymentPostprocessing = 0;
		};
/* End PBXHeadersBuildPhase section */

/* Begin PBXNativeTarget section */
		67B4BBA82808DA63006CD939 /* VKFeedAPIEndToEndTests */ = {
			isa = PBXNativeTarget;
			buildConfigurationList = 67B4BBB22808DA64006CD939 /* Build configuration list for PBXNativeTarget "VKFeedAPIEndToEndTests" */;
			buildPhases = (
				67B4BBA52808DA63006CD939 /* Sources */,
				67B4BBA62808DA63006CD939 /* Frameworks */,
				67B4BBA72808DA63006CD939 /* Resources */,
			);
			buildRules = (
			);
			dependencies = (
				67B4BBAF2808DA64006CD939 /* PBXTargetDependency */,
			);
			name = VKFeedAPIEndToEndTests;
			productName = VKFeedAPIEndToEndTests;
			productReference = 67B4BBA92808DA64006CD939 /* VKFeedAPIEndToEndTests.xctest */;
			productType = "com.apple.product-type.bundle.unit-test";
		};
		67F3F7AF2804664F0078CFEA /* VKFeed */ = {
			isa = PBXNativeTarget;
			buildConfigurationList = 67F3F7B92804664F0078CFEA /* Build configuration list for PBXNativeTarget "VKFeed" */;
			buildPhases = (
				67F3F7AB2804664F0078CFEA /* Headers */,
				67F3F7AC2804664F0078CFEA /* Sources */,
				67F3F7AD2804664F0078CFEA /* Frameworks */,
				67F3F7AE2804664F0078CFEA /* Resources */,
			);
			buildRules = (
			);
			dependencies = (
			);
			name = VKFeed;
			productName = VKFeed;
			productReference = 67F3F7B02804664F0078CFEA /* VKFeed.framework */;
			productType = "com.apple.product-type.framework";
		};
		67F3F7BF280466A00078CFEA /* VKFeedTests */ = {
			isa = PBXNativeTarget;
			buildConfigurationList = 67F3F7C9280466A00078CFEA /* Build configuration list for PBXNativeTarget "VKFeedTests" */;
			buildPhases = (
				67F3F7BC280466A00078CFEA /* Sources */,
				67F3F7BD280466A00078CFEA /* Frameworks */,
				67F3F7BE280466A00078CFEA /* Resources */,
			);
			buildRules = (
			);
			dependencies = (
				67F3F7C6280466A00078CFEA /* PBXTargetDependency */,
			);
			name = VKFeedTests;
			productName = VKFeedTests;
			productReference = 67F3F7C0280466A00078CFEA /* VKFeedTests.xctest */;
			productType = "com.apple.product-type.bundle.unit-test";
		};
		67F6BDCD281F4963004EB491 /* VKFeediOS */ = {
			isa = PBXNativeTarget;
			buildConfigurationList = 67F6BDDF281F4964004EB491 /* Build configuration list for PBXNativeTarget "VKFeediOS" */;
			buildPhases = (
				67F6BDC9281F4963004EB491 /* Headers */,
				67F6BDCA281F4963004EB491 /* Sources */,
				67F6BDCB281F4963004EB491 /* Frameworks */,
				67F6BDCC281F4963004EB491 /* Resources */,
			);
			buildRules = (
			);
			dependencies = (
			);
			name = VKFeediOS;
			productName = VKFeediOS;
			productReference = 67F6BDCE281F4963004EB491 /* VKFeediOS.framework */;
			productType = "com.apple.product-type.framework";
		};
		67F6BDD6281F4964004EB491 /* VKFeediOSTests */ = {
			isa = PBXNativeTarget;
			buildConfigurationList = 67F6BDE2281F4964004EB491 /* Build configuration list for PBXNativeTarget "VKFeediOSTests" */;
			buildPhases = (
				67F6BDD3281F4964004EB491 /* Sources */,
				67F6BDD4281F4964004EB491 /* Frameworks */,
				67F6BDD5281F4964004EB491 /* Resources */,
			);
			buildRules = (
			);
			dependencies = (
				67F6BDDA281F4964004EB491 /* PBXTargetDependency */,
			);
			name = VKFeediOSTests;
			productName = VKFeediOSTests;
			productReference = 67F6BDD7281F4964004EB491 /* VKFeediOSTests.xctest */;
			productType = "com.apple.product-type.bundle.unit-test";
		};
		67F9BB8528173E1000B606BA /* VKFeedCacheIntegrationTests */ = {
			isa = PBXNativeTarget;
			buildConfigurationList = 67F9BB8D28173E1000B606BA /* Build configuration list for PBXNativeTarget "VKFeedCacheIntegrationTests" */;
			buildPhases = (
				67F9BB8228173E1000B606BA /* Sources */,
				67F9BB8328173E1000B606BA /* Frameworks */,
				67F9BB8428173E1000B606BA /* Resources */,
			);
			buildRules = (
			);
			dependencies = (
				67F9BB8C28173E1000B606BA /* PBXTargetDependency */,
			);
			name = VKFeedCacheIntegrationTests;
			productName = VKFeedCacheIntegrationTests;
			productReference = 67F9BB8628173E1000B606BA /* VKFeedCacheIntegrationTests.xctest */;
			productType = "com.apple.product-type.bundle.unit-test";
		};
/* End PBXNativeTarget section */

/* Begin PBXProject section */
		67F3F7A72804664F0078CFEA /* Project object */ = {
			isa = PBXProject;
			attributes = {
				BuildIndependentTargetsInParallel = 1;
				LastSwiftUpdateCheck = 1330;
				LastUpgradeCheck = 1310;
				TargetAttributes = {
					67B4BBA82808DA63006CD939 = {
						CreatedOnToolsVersion = 13.1;
					};
					67F3F7AF2804664F0078CFEA = {
						CreatedOnToolsVersion = 13.1;
					};
					67F3F7BF280466A00078CFEA = {
						CreatedOnToolsVersion = 13.1;
					};
					67F6BDCD281F4963004EB491 = {
						CreatedOnToolsVersion = 13.3.1;
					};
					67F6BDD6281F4964004EB491 = {
						CreatedOnToolsVersion = 13.3.1;
						LastSwiftMigration = 1330;
					};
					67F9BB8528173E1000B606BA = {
						CreatedOnToolsVersion = 13.3.1;
					};
				};
			};
			buildConfigurationList = 67F3F7AA2804664F0078CFEA /* Build configuration list for PBXProject "VKFeed" */;
			compatibilityVersion = "Xcode 13.0";
			developmentRegion = en;
			hasScannedForEncodings = 0;
			knownRegions = (
				en,
				Base,
				"pt-BR",
				el,
			);
			mainGroup = 67F3F7A62804664F0078CFEA;
			productRefGroup = 67F3F7B12804664F0078CFEA /* Products */;
			projectDirPath = "";
			projectRoot = "";
			targets = (
				67F3F7AF2804664F0078CFEA /* VKFeed */,
				67F3F7BF280466A00078CFEA /* VKFeedTests */,
				67B4BBA82808DA63006CD939 /* VKFeedAPIEndToEndTests */,
				67F9BB8528173E1000B606BA /* VKFeedCacheIntegrationTests */,
				67F6BDCD281F4963004EB491 /* VKFeediOS */,
				67F6BDD6281F4964004EB491 /* VKFeediOSTests */,
			);
		};
/* End PBXProject section */

/* Begin PBXResourcesBuildPhase section */
		67B4BBA72808DA63006CD939 /* Resources */ = {
			isa = PBXResourcesBuildPhase;
			buildActionMask = 2147483647;
			files = (
			);
			runOnlyForDeploymentPostprocessing = 0;
		};
		67F3F7AE2804664F0078CFEA /* Resources */ = {
			isa = PBXResourcesBuildPhase;
			buildActionMask = 2147483647;
			files = (
				677292F4283C52F500AE05A1 /* Feed.strings in Resources */,
				67E8A6DA28119382004B20F2 /* InboxChecklist in Resources */,
			);
			runOnlyForDeploymentPostprocessing = 0;
		};
		67F3F7BE280466A00078CFEA /* Resources */ = {
			isa = PBXResourcesBuildPhase;
			buildActionMask = 2147483647;
			files = (
			);
			runOnlyForDeploymentPostprocessing = 0;
		};
		67F6BDCC281F4963004EB491 /* Resources */ = {
			isa = PBXResourcesBuildPhase;
			buildActionMask = 2147483647;
			files = (
				6777E5BC28330D520019FA1F /* Feed.strings in Resources */,
				670537A62831743C0065BEAB /* Feed.storyboard in Resources */,
			);
			runOnlyForDeploymentPostprocessing = 0;
		};
		67F6BDD5281F4964004EB491 /* Resources */ = {
			isa = PBXResourcesBuildPhase;
			buildActionMask = 2147483647;
			files = (
			);
			runOnlyForDeploymentPostprocessing = 0;
		};
		67F9BB8428173E1000B606BA /* Resources */ = {
			isa = PBXResourcesBuildPhase;
			buildActionMask = 2147483647;
			files = (
			);
			runOnlyForDeploymentPostprocessing = 0;
		};
/* End PBXResourcesBuildPhase section */

/* Begin PBXSourcesBuildPhase section */
		67B4BBA52808DA63006CD939 /* Sources */ = {
			isa = PBXSourcesBuildPhase;
			buildActionMask = 2147483647;
			files = (
				67A629A32808E177007A5901 /* XCTestCase+MemoryLeaksHelper.swift in Sources */,
				67B4BBAC2808DA64006CD939 /* VKFeedAPIEndToEndTests.swift in Sources */,
			);
			runOnlyForDeploymentPostprocessing = 0;
		};
		67F3F7AC2804664F0078CFEA /* Sources */ = {
			isa = PBXSourcesBuildPhase;
			buildActionMask = 2147483647;
			files = (
				67F9BB782816D10000B606BA /* CoreDataFeedStore.swift in Sources */,
				67E8E81428100E910057A38E /* LocalFeedImage.swift in Sources */,
				67E8E810280F66460057A38E /* FeedStore.swift in Sources */,
				677292FA283C53F100AE05A1 /* FeedErrorViewModel.swift in Sources */,
				67E8CBAB280897E800A48903 /* URLSessionHTTPClient.swift in Sources */,
				67F3F7CE28046CE40078CFEA /* FeedLoader.swift in Sources */,
				67CA3AA1283D9B83004E247C /* FeedImagePresenter.swift in Sources */,
				67F3F7CC28046CBD0078CFEA /* FeedImage.swift in Sources */,
				67F9BB7D2817133C00B606BA /* CoreDataHelpers.swift in Sources */,
				677292F6283C53BA00AE05A1 /* FeedLoadingViewModel.swift in Sources */,
				67F9BB6C2816C59000B606BA /* FeedStore.xcdatamodeld in Sources */,
				67F3F7D32804849A0078CFEA /* HTTPClient.swift in Sources */,
				67F9BB7F2817143C00B606BA /* ManagedCache.swift in Sources */,
				67378090280621600054CD20 /* FeedItemsMapper.swift in Sources */,
				67CA3AA3283D9C2B004E247C /* FeedImageViewModel.swift in Sources */,
				6736ADA3283EDE4E00D163CD /* FeedImageDataLoader.swift in Sources */,
				67E8E81228100E750057A38E /* RemoteFeedItem.swift in Sources */,
				673B45DD2815F6D100B4859D /* CodableFeedStore.swift in Sources */,
				677292F8283C53D400AE05A1 /* FeedViewModel.swift in Sources */,
				67E8A6D828117C75004B20F2 /* FeedCachePolicy.swift in Sources */,
				677292F3283C52CE00AE05A1 /* FeedPresenter.swift in Sources */,
				67F3F7D5280484A50078CFEA /* RemoteFeedLoader.swift in Sources */,
				67F9BB812817145300B606BA /* ManagedFeedImage.swift in Sources */,
				67E8E80E280F66240057A38E /* LocalFeedLoader.swift in Sources */,
				67F3F7B52804664F0078CFEA /* VKFeed.docc in Sources */,
			);
			runOnlyForDeploymentPostprocessing = 0;
		};
		67F3F7BC280466A00078CFEA /* Sources */ = {
			isa = PBXSourcesBuildPhase;
			buildActionMask = 2147483647;
			files = (
				67E8A6D128116CEC004B20F2 /* FeedCacheTestHelpers.swift in Sources */,
				67BF84F828085ED600CFC10E /* XCTestCase+MemoryLeaksHelper.swift in Sources */,
				677292FB283C54CA00AE05A1 /* FeedLocalizationTests.swift in Sources */,
				67F3F7D028046DAF0078CFEA /* LoadFeedFromRemoteUseCaseTests.swift in Sources */,
				67CF6F4F28104A0E001F40DB /* FeedStoreSpy.swift in Sources */,
				67F9BB622816B25100B606BA /* XCTestCase+FailableInsertFeedStoreSpecs.swift in Sources */,
				6736ADA0283ED9ED00D163CD /* RemoteFeedImageDataLoaderTests.swift in Sources */,
				67CF6F4D2810493C001F40DB /* LoadCacheFeedUseCaseTests.swift in Sources */,
				677292E9283C363C00AE05A1 /* FeedPresenterTests.swift in Sources */,
				67E8A6D428116E5D004B20F2 /* SharedTestHelpers.swift in Sources */,
				67A87F1D280F0DA9008717AC /* CacheFeedUseCaseTests.swift in Sources */,
				67E8A6DC2811A8EB004B20F2 /* CodableFeedStoreUseCaseTests.swift in Sources */,
				67F9BB642816B3CB00B606BA /* XCTestCase+FailableDeleteFeedStoreSpecs.swift in Sources */,
				67F9BB602816AFEB00B606BA /* XCTestCase+FailableRetrieveFeedStoreSpecs.swift in Sources */,
				67378093280700DB0054CD20 /* HTTPClientTests.swift in Sources */,
				67F9BB5C2816A68500B606BA /* FeedStoreSpecs.swift in Sources */,
				67E8A6CF281160A1004B20F2 /* ValidateCacheFeedUseCaseTests.swift in Sources */,
				67F9BB692816C2AC00B606BA /* CoreDataFeedStoreUseCaseTests.swift in Sources */,
				67CA3A9F283D78CD004E247C /* FeedImagePresenterTests.swift in Sources */,
				67D0C9BB28429A6D00A8541A /* HTTPClientSpy.swift in Sources */,
				67F9BB5E2816A76C00B606BA /* XCTestCase+FeedStoreSpecs.swift in Sources */,
			);
			runOnlyForDeploymentPostprocessing = 0;
		};
		67F6BDCA281F4963004EB491 /* Sources */ = {
			isa = PBXSourcesBuildPhase;
			buildActionMask = 2147483647;
			files = (
				67DF6836283501AE00D5F79A /* MainQueueDispatchDecorator.swift in Sources */,
				67DF68382835020B00D5F79A /* WeakRefVirtualProxy.swift in Sources */,
				677292E6283C336300AE05A1 /* UIRefreshControl+Helpers.swift in Sources */,
				670537A8283190510065BEAB /* UITableView+Dequeueing.swift in Sources */,
				674AC8C0282B331C0059F18D /* FeedUIComposer.swift in Sources */,
				67DF683C283502BC00D5F79A /* FeedImageDataLoaderPresentationAdapter.swift in Sources */,
				672798A42823402F00924F82 /* FeedViewController.swift in Sources */,
				67A5F433282813450044191A /* UIView+Shimmering.swift in Sources */,
				670537AB2831927F0065BEAB /* UIImageView+Animations.swift in Sources */,
				674AC8BE282B2F250059F18D /* FeedImageCellController.swift in Sources */,
				67A5F4312827ED270044191A /* FeedImageCell.swift in Sources */,
				677292E1283C2E7100AE05A1 /* ErrorView.swift in Sources */,
				67DF683E283502CE00D5F79A /* FeedLoaderPresentationAdapter.swift in Sources */,
				67DF683A283502A500D5F79A /* FeedViewAdapter.swift in Sources */,
				67F6BDD2281F4964004EB491 /* VKFeediOS.docc in Sources */,
			);
			runOnlyForDeploymentPostprocessing = 0;
		};
		67F6BDD3281F4964004EB491 /* Sources */ = {
			isa = PBXSourcesBuildPhase;
			buildActionMask = 2147483647;
			files = (
				674AC8CC282B38A00059F18D /* FeedViewController+TestHelpers.swift in Sources */,
				6727989F2823296F00924F82 /* XCTestCase+MemoryLeaksHelper.swift in Sources */,
				674AC8CA282B38140059F18D /* UIControl+TestHelpers.swift in Sources */,
				674AC8C6282B37B10059F18D /* UIRefreshControl+TestHelpers.swift in Sources */,
				674AC8CE282B39510059F18D /* FeedImageCell+TestHelpers.swift in Sources */,
				6727989D282323A100924F82 /* FeedUIIntegrationTests.swift in Sources */,
				673F09CD2827361E002937C2 /* SharedTestHelpers.swift in Sources */,
				674AC8D1282B39D70059F18D /* FeedUIIntegrationTests+LoaderSpy.swift in Sources */,
				674AC8C4282B37680059F18D /* UIImage+TestHelpers.swift in Sources */,
				674AC8D3282B3A900059F18D /* FeedUIIntegrationTests+Assertions.swift in Sources */,
				674AC8C8282B37E60059F18D /* UIButton+TestHelpers.swift in Sources */,
				6777E5BB28330A190019FA1F /* FeedUIIntegrationTests+Localization.swift in Sources */,
			);
			runOnlyForDeploymentPostprocessing = 0;
		};
		67F9BB8228173E1000B606BA /* Sources */ = {
			isa = PBXSourcesBuildPhase;
			buildActionMask = 2147483647;
			files = (
				67F9BB92281742E700B606BA /* FeedCacheTestHelpers.swift in Sources */,
				67F9BB9028173E6B00B606BA /* XCTestCase+MemoryLeaksHelper.swift in Sources */,
				67F9BB8928173E1000B606BA /* VKFeedCacheIntegrationTests.swift in Sources */,
				67F9BB9128173E6F00B606BA /* SharedTestHelpers.swift in Sources */,
			);
			runOnlyForDeploymentPostprocessing = 0;
		};
/* End PBXSourcesBuildPhase section */

/* Begin PBXTargetDependency section */
		67B4BBAF2808DA64006CD939 /* PBXTargetDependency */ = {
			isa = PBXTargetDependency;
			target = 67F3F7AF2804664F0078CFEA /* VKFeed */;
			targetProxy = 67B4BBAE2808DA64006CD939 /* PBXContainerItemProxy */;
		};
		67F3F7C6280466A00078CFEA /* PBXTargetDependency */ = {
			isa = PBXTargetDependency;
			target = 67F3F7AF2804664F0078CFEA /* VKFeed */;
			targetProxy = 67F3F7C5280466A00078CFEA /* PBXContainerItemProxy */;
		};
		67F6BDDA281F4964004EB491 /* PBXTargetDependency */ = {
			isa = PBXTargetDependency;
			target = 67F6BDCD281F4963004EB491 /* VKFeediOS */;
			targetProxy = 67F6BDD9281F4964004EB491 /* PBXContainerItemProxy */;
		};
		67F9BB8C28173E1000B606BA /* PBXTargetDependency */ = {
			isa = PBXTargetDependency;
			target = 67F3F7AF2804664F0078CFEA /* VKFeed */;
			targetProxy = 67F9BB8B28173E1000B606BA /* PBXContainerItemProxy */;
		};
/* End PBXTargetDependency section */

/* Begin PBXVariantGroup section */
		677292EE283C516D00AE05A1 /* Feed.strings */ = {
			isa = PBXVariantGroup;
			children = (
				677292ED283C516D00AE05A1 /* en */,
				677292EF283C516E00AE05A1 /* el */,
				677292F0283C516F00AE05A1 /* pt-BR */,
			);
			name = Feed.strings;
			sourceTree = "<group>";
		};
		6777E5BE28330D520019FA1F /* Feed.strings */ = {
			isa = PBXVariantGroup;
			children = (
				6777E5BD28330D520019FA1F /* en */,
				6777E5BF28330DC50019FA1F /* pt-BR */,
				6777E5C028330DF70019FA1F /* el */,
			);
			name = Feed.strings;
			sourceTree = "<group>";
		};
/* End PBXVariantGroup section */

/* Begin XCBuildConfiguration section */
		67B4BBB02808DA64006CD939 /* Debug */ = {
			isa = XCBuildConfiguration;
			buildSettings = {
				CODE_SIGN_STYLE = Automatic;
				COMBINE_HIDPI_IMAGES = YES;
				CURRENT_PROJECT_VERSION = 1;
				DEVELOPMENT_TEAM = Z9F52A55VD;
				GENERATE_INFOPLIST_FILE = YES;
				LD_RUNPATH_SEARCH_PATHS = (
					"$(inherited)",
					"@executable_path/../Frameworks",
					"@loader_path/../Frameworks",
				);
				MARKETING_VERSION = 1.0;
				PRODUCT_BUNDLE_IDENTIFIER = VK.VKFeedAPIEndToEndTests;
				PRODUCT_NAME = "$(TARGET_NAME)";
				SUPPORTED_PLATFORMS = "macosx iphonesimulator iphoneos";
				SWIFT_EMIT_LOC_STRINGS = NO;
				SWIFT_VERSION = 5.0;
			};
			name = Debug;
		};
		67B4BBB12808DA64006CD939 /* Release */ = {
			isa = XCBuildConfiguration;
			buildSettings = {
				CODE_SIGN_STYLE = Automatic;
				COMBINE_HIDPI_IMAGES = YES;
				CURRENT_PROJECT_VERSION = 1;
				DEVELOPMENT_TEAM = Z9F52A55VD;
				GENERATE_INFOPLIST_FILE = YES;
				LD_RUNPATH_SEARCH_PATHS = (
					"$(inherited)",
					"@executable_path/../Frameworks",
					"@loader_path/../Frameworks",
				);
				MARKETING_VERSION = 1.0;
				PRODUCT_BUNDLE_IDENTIFIER = VK.VKFeedAPIEndToEndTests;
				PRODUCT_NAME = "$(TARGET_NAME)";
				SUPPORTED_PLATFORMS = "macosx iphonesimulator iphoneos";
				SWIFT_EMIT_LOC_STRINGS = NO;
				SWIFT_VERSION = 5.0;
			};
			name = Release;
		};
		67F3F7B72804664F0078CFEA /* Debug */ = {
			isa = XCBuildConfiguration;
			buildSettings = {
				ALWAYS_SEARCH_USER_PATHS = NO;
				CLANG_ANALYZER_LOCALIZABILITY_NONLOCALIZED = YES;
				CLANG_ANALYZER_NONNULL = YES;
				CLANG_ANALYZER_NUMBER_OBJECT_CONVERSION = YES_AGGRESSIVE;
				CLANG_CXX_LANGUAGE_STANDARD = "gnu++17";
				CLANG_CXX_LIBRARY = "libc++";
				CLANG_ENABLE_MODULES = YES;
				CLANG_ENABLE_OBJC_ARC = YES;
				CLANG_ENABLE_OBJC_WEAK = YES;
				CLANG_WARN_BLOCK_CAPTURE_AUTORELEASING = YES;
				CLANG_WARN_BOOL_CONVERSION = YES;
				CLANG_WARN_COMMA = YES;
				CLANG_WARN_CONSTANT_CONVERSION = YES;
				CLANG_WARN_DEPRECATED_OBJC_IMPLEMENTATIONS = YES;
				CLANG_WARN_DIRECT_OBJC_ISA_USAGE = YES_ERROR;
				CLANG_WARN_DOCUMENTATION_COMMENTS = YES;
				CLANG_WARN_EMPTY_BODY = YES;
				CLANG_WARN_ENUM_CONVERSION = YES;
				CLANG_WARN_INFINITE_RECURSION = YES;
				CLANG_WARN_INT_CONVERSION = YES;
				CLANG_WARN_NON_LITERAL_NULL_CONVERSION = YES;
				CLANG_WARN_OBJC_IMPLICIT_RETAIN_SELF = YES;
				CLANG_WARN_OBJC_LITERAL_CONVERSION = YES;
				CLANG_WARN_OBJC_ROOT_CLASS = YES_ERROR;
				CLANG_WARN_QUOTED_INCLUDE_IN_FRAMEWORK_HEADER = YES;
				CLANG_WARN_RANGE_LOOP_ANALYSIS = YES;
				CLANG_WARN_STRICT_PROTOTYPES = YES;
				CLANG_WARN_SUSPICIOUS_MOVE = YES;
				CLANG_WARN_UNGUARDED_AVAILABILITY = YES_AGGRESSIVE;
				CLANG_WARN_UNREACHABLE_CODE = YES;
				CLANG_WARN__DUPLICATE_METHOD_MATCH = YES;
				COPY_PHASE_STRIP = NO;
				CURRENT_PROJECT_VERSION = 1;
				DEBUG_INFORMATION_FORMAT = dwarf;
				ENABLE_STRICT_OBJC_MSGSEND = YES;
				ENABLE_TESTABILITY = YES;
				GCC_C_LANGUAGE_STANDARD = gnu11;
				GCC_DYNAMIC_NO_PIC = NO;
				GCC_NO_COMMON_BLOCKS = YES;
				GCC_OPTIMIZATION_LEVEL = 0;
				GCC_PREPROCESSOR_DEFINITIONS = (
					"DEBUG=1",
					"$(inherited)",
				);
				GCC_WARN_64_TO_32_BIT_CONVERSION = YES;
				GCC_WARN_ABOUT_RETURN_TYPE = YES_ERROR;
				GCC_WARN_UNDECLARED_SELECTOR = YES;
				GCC_WARN_UNINITIALIZED_AUTOS = YES_AGGRESSIVE;
				GCC_WARN_UNUSED_FUNCTION = YES;
				GCC_WARN_UNUSED_VARIABLE = YES;
				MACOSX_DEPLOYMENT_TARGET = 11.6;
				MTL_ENABLE_DEBUG_INFO = INCLUDE_SOURCE;
				MTL_FAST_MATH = YES;
				ONLY_ACTIVE_ARCH = YES;
				SDKROOT = macosx;
				SUPPORTED_PLATFORMS = "macosx iphonesimulator iphoneos";
				SWIFT_ACTIVE_COMPILATION_CONDITIONS = DEBUG;
				SWIFT_OPTIMIZATION_LEVEL = "-Onone";
				VERSIONING_SYSTEM = "apple-generic";
				VERSION_INFO_PREFIX = "";
			};
			name = Debug;
		};
		67F3F7B82804664F0078CFEA /* Release */ = {
			isa = XCBuildConfiguration;
			buildSettings = {
				ALWAYS_SEARCH_USER_PATHS = NO;
				CLANG_ANALYZER_LOCALIZABILITY_NONLOCALIZED = YES;
				CLANG_ANALYZER_NONNULL = YES;
				CLANG_ANALYZER_NUMBER_OBJECT_CONVERSION = YES_AGGRESSIVE;
				CLANG_CXX_LANGUAGE_STANDARD = "gnu++17";
				CLANG_CXX_LIBRARY = "libc++";
				CLANG_ENABLE_MODULES = YES;
				CLANG_ENABLE_OBJC_ARC = YES;
				CLANG_ENABLE_OBJC_WEAK = YES;
				CLANG_WARN_BLOCK_CAPTURE_AUTORELEASING = YES;
				CLANG_WARN_BOOL_CONVERSION = YES;
				CLANG_WARN_COMMA = YES;
				CLANG_WARN_CONSTANT_CONVERSION = YES;
				CLANG_WARN_DEPRECATED_OBJC_IMPLEMENTATIONS = YES;
				CLANG_WARN_DIRECT_OBJC_ISA_USAGE = YES_ERROR;
				CLANG_WARN_DOCUMENTATION_COMMENTS = YES;
				CLANG_WARN_EMPTY_BODY = YES;
				CLANG_WARN_ENUM_CONVERSION = YES;
				CLANG_WARN_INFINITE_RECURSION = YES;
				CLANG_WARN_INT_CONVERSION = YES;
				CLANG_WARN_NON_LITERAL_NULL_CONVERSION = YES;
				CLANG_WARN_OBJC_IMPLICIT_RETAIN_SELF = YES;
				CLANG_WARN_OBJC_LITERAL_CONVERSION = YES;
				CLANG_WARN_OBJC_ROOT_CLASS = YES_ERROR;
				CLANG_WARN_QUOTED_INCLUDE_IN_FRAMEWORK_HEADER = YES;
				CLANG_WARN_RANGE_LOOP_ANALYSIS = YES;
				CLANG_WARN_STRICT_PROTOTYPES = YES;
				CLANG_WARN_SUSPICIOUS_MOVE = YES;
				CLANG_WARN_UNGUARDED_AVAILABILITY = YES_AGGRESSIVE;
				CLANG_WARN_UNREACHABLE_CODE = YES;
				CLANG_WARN__DUPLICATE_METHOD_MATCH = YES;
				COPY_PHASE_STRIP = NO;
				CURRENT_PROJECT_VERSION = 1;
				DEBUG_INFORMATION_FORMAT = "dwarf-with-dsym";
				ENABLE_NS_ASSERTIONS = NO;
				ENABLE_STRICT_OBJC_MSGSEND = YES;
				GCC_C_LANGUAGE_STANDARD = gnu11;
				GCC_NO_COMMON_BLOCKS = YES;
				GCC_WARN_64_TO_32_BIT_CONVERSION = YES;
				GCC_WARN_ABOUT_RETURN_TYPE = YES_ERROR;
				GCC_WARN_UNDECLARED_SELECTOR = YES;
				GCC_WARN_UNINITIALIZED_AUTOS = YES_AGGRESSIVE;
				GCC_WARN_UNUSED_FUNCTION = YES;
				GCC_WARN_UNUSED_VARIABLE = YES;
				MACOSX_DEPLOYMENT_TARGET = 11.6;
				MTL_ENABLE_DEBUG_INFO = NO;
				MTL_FAST_MATH = YES;
				SDKROOT = macosx;
				SUPPORTED_PLATFORMS = "macosx iphonesimulator iphoneos";
				SWIFT_COMPILATION_MODE = wholemodule;
				SWIFT_OPTIMIZATION_LEVEL = "-O";
				VERSIONING_SYSTEM = "apple-generic";
				VERSION_INFO_PREFIX = "";
			};
			name = Release;
		};
		67F3F7BA2804664F0078CFEA /* Debug */ = {
			isa = XCBuildConfiguration;
			buildSettings = {
				CODE_SIGN_STYLE = Automatic;
				COMBINE_HIDPI_IMAGES = YES;
				CURRENT_PROJECT_VERSION = 1;
				DEFINES_MODULE = YES;
				DEVELOPMENT_TEAM = Z9F52A55VD;
				DYLIB_COMPATIBILITY_VERSION = 1;
				DYLIB_CURRENT_VERSION = 1;
				DYLIB_INSTALL_NAME_BASE = "@rpath";
				GENERATE_INFOPLIST_FILE = YES;
				INFOPLIST_KEY_NSHumanReadableCopyright = "";
				INSTALL_PATH = "$(LOCAL_LIBRARY_DIR)/Frameworks";
				LD_RUNPATH_SEARCH_PATHS = (
					"$(inherited)",
					"@executable_path/../Frameworks",
					"@loader_path/Frameworks",
				);
				MARKETING_VERSION = 1.0;
				PRODUCT_BUNDLE_IDENTIFIER = VK.VKFeed;
				PRODUCT_NAME = "$(TARGET_NAME:c99extidentifier)";
				SKIP_INSTALL = YES;
				SWIFT_EMIT_LOC_STRINGS = YES;
				SWIFT_VERSION = 5.0;
			};
			name = Debug;
		};
		67F3F7BB2804664F0078CFEA /* Release */ = {
			isa = XCBuildConfiguration;
			buildSettings = {
				CODE_SIGN_STYLE = Automatic;
				COMBINE_HIDPI_IMAGES = YES;
				CURRENT_PROJECT_VERSION = 1;
				DEFINES_MODULE = YES;
				DEVELOPMENT_TEAM = Z9F52A55VD;
				DYLIB_COMPATIBILITY_VERSION = 1;
				DYLIB_CURRENT_VERSION = 1;
				DYLIB_INSTALL_NAME_BASE = "@rpath";
				GENERATE_INFOPLIST_FILE = YES;
				INFOPLIST_KEY_NSHumanReadableCopyright = "";
				INSTALL_PATH = "$(LOCAL_LIBRARY_DIR)/Frameworks";
				LD_RUNPATH_SEARCH_PATHS = (
					"$(inherited)",
					"@executable_path/../Frameworks",
					"@loader_path/Frameworks",
				);
				MARKETING_VERSION = 1.0;
				PRODUCT_BUNDLE_IDENTIFIER = VK.VKFeed;
				PRODUCT_NAME = "$(TARGET_NAME:c99extidentifier)";
				SKIP_INSTALL = YES;
				SWIFT_EMIT_LOC_STRINGS = YES;
				SWIFT_VERSION = 5.0;
			};
			name = Release;
		};
		67F3F7C7280466A00078CFEA /* Debug */ = {
			isa = XCBuildConfiguration;
			buildSettings = {
				ALWAYS_EMBED_SWIFT_STANDARD_LIBRARIES = YES;
				CODE_SIGN_STYLE = Automatic;
				COMBINE_HIDPI_IMAGES = YES;
				CURRENT_PROJECT_VERSION = 1;
				DEVELOPMENT_TEAM = Z9F52A55VD;
				GENERATE_INFOPLIST_FILE = YES;
				LD_RUNPATH_SEARCH_PATHS = (
					"$(inherited)",
					"@executable_path/../Frameworks",
					"@loader_path/../Frameworks",
				);
				MARKETING_VERSION = 1.0;
				PRODUCT_BUNDLE_IDENTIFIER = VK.VKFeedTests;
				PRODUCT_NAME = "$(TARGET_NAME)";
				SWIFT_EMIT_LOC_STRINGS = NO;
				SWIFT_VERSION = 5.0;
			};
			name = Debug;
		};
		67F3F7C8280466A00078CFEA /* Release */ = {
			isa = XCBuildConfiguration;
			buildSettings = {
				ALWAYS_EMBED_SWIFT_STANDARD_LIBRARIES = YES;
				CODE_SIGN_STYLE = Automatic;
				COMBINE_HIDPI_IMAGES = YES;
				CURRENT_PROJECT_VERSION = 1;
				DEVELOPMENT_TEAM = Z9F52A55VD;
				GENERATE_INFOPLIST_FILE = YES;
				LD_RUNPATH_SEARCH_PATHS = (
					"$(inherited)",
					"@executable_path/../Frameworks",
					"@loader_path/../Frameworks",
				);
				MARKETING_VERSION = 1.0;
				PRODUCT_BUNDLE_IDENTIFIER = VK.VKFeedTests;
				PRODUCT_NAME = "$(TARGET_NAME)";
				SWIFT_EMIT_LOC_STRINGS = NO;
				SWIFT_VERSION = 5.0;
			};
			name = Release;
		};
		67F6BDE0281F4964004EB491 /* Debug */ = {
			isa = XCBuildConfiguration;
			buildSettings = {
				CODE_SIGN_STYLE = Automatic;
				CURRENT_PROJECT_VERSION = 1;
				DEFINES_MODULE = YES;
				DEVELOPMENT_TEAM = Z9F52A55VD;
				DYLIB_COMPATIBILITY_VERSION = 1;
				DYLIB_CURRENT_VERSION = 1;
				DYLIB_INSTALL_NAME_BASE = "@rpath";
				GENERATE_INFOPLIST_FILE = YES;
				INFOPLIST_KEY_NSHumanReadableCopyright = "";
				INSTALL_PATH = "$(LOCAL_LIBRARY_DIR)/Frameworks";
				IPHONEOS_DEPLOYMENT_TARGET = 15.4;
				LD_RUNPATH_SEARCH_PATHS = (
					"$(inherited)",
					"@executable_path/Frameworks",
					"@loader_path/Frameworks",
				);
				MARKETING_VERSION = 1.0;
				PRODUCT_BUNDLE_IDENTIFIER = VK.VKFeediOS;
				PRODUCT_NAME = "$(TARGET_NAME:c99extidentifier)";
				SDKROOT = iphoneos;
				SKIP_INSTALL = YES;
				SWIFT_EMIT_LOC_STRINGS = YES;
				SWIFT_VERSION = 5.0;
				TARGETED_DEVICE_FAMILY = "1,2";
			};
			name = Debug;
		};
		67F6BDE1281F4964004EB491 /* Release */ = {
			isa = XCBuildConfiguration;
			buildSettings = {
				CODE_SIGN_STYLE = Automatic;
				CURRENT_PROJECT_VERSION = 1;
				DEFINES_MODULE = YES;
				DEVELOPMENT_TEAM = Z9F52A55VD;
				DYLIB_COMPATIBILITY_VERSION = 1;
				DYLIB_CURRENT_VERSION = 1;
				DYLIB_INSTALL_NAME_BASE = "@rpath";
				GENERATE_INFOPLIST_FILE = YES;
				INFOPLIST_KEY_NSHumanReadableCopyright = "";
				INSTALL_PATH = "$(LOCAL_LIBRARY_DIR)/Frameworks";
				IPHONEOS_DEPLOYMENT_TARGET = 15.4;
				LD_RUNPATH_SEARCH_PATHS = (
					"$(inherited)",
					"@executable_path/Frameworks",
					"@loader_path/Frameworks",
				);
				MARKETING_VERSION = 1.0;
				PRODUCT_BUNDLE_IDENTIFIER = VK.VKFeediOS;
				PRODUCT_NAME = "$(TARGET_NAME:c99extidentifier)";
				SDKROOT = iphoneos;
				SKIP_INSTALL = YES;
				SWIFT_EMIT_LOC_STRINGS = YES;
				SWIFT_VERSION = 5.0;
				TARGETED_DEVICE_FAMILY = "1,2";
				VALIDATE_PRODUCT = YES;
			};
			name = Release;
		};
		67F6BDE3281F4964004EB491 /* Debug */ = {
			isa = XCBuildConfiguration;
			buildSettings = {
				ALWAYS_EMBED_SWIFT_STANDARD_LIBRARIES = YES;
				CLANG_ENABLE_MODULES = YES;
				CODE_SIGN_STYLE = Automatic;
				CURRENT_PROJECT_VERSION = 1;
				DEVELOPMENT_TEAM = Z9F52A55VD;
				GENERATE_INFOPLIST_FILE = YES;
				IPHONEOS_DEPLOYMENT_TARGET = 15.4;
				LD_RUNPATH_SEARCH_PATHS = (
					"$(inherited)",
					"@executable_path/Frameworks",
					"@loader_path/Frameworks",
				);
				MARKETING_VERSION = 1.0;
				PRODUCT_BUNDLE_IDENTIFIER = VK.VKFeediOSTests;
				PRODUCT_NAME = "$(TARGET_NAME)";
				SDKROOT = iphoneos;
				SWIFT_EMIT_LOC_STRINGS = NO;
				SWIFT_OPTIMIZATION_LEVEL = "-Onone";
				SWIFT_VERSION = 5.0;
				TARGETED_DEVICE_FAMILY = "1,2";
			};
			name = Debug;
		};
		67F6BDE4281F4964004EB491 /* Release */ = {
			isa = XCBuildConfiguration;
			buildSettings = {
				ALWAYS_EMBED_SWIFT_STANDARD_LIBRARIES = YES;
				CLANG_ENABLE_MODULES = YES;
				CODE_SIGN_STYLE = Automatic;
				CURRENT_PROJECT_VERSION = 1;
				DEVELOPMENT_TEAM = Z9F52A55VD;
				GENERATE_INFOPLIST_FILE = YES;
				IPHONEOS_DEPLOYMENT_TARGET = 15.4;
				LD_RUNPATH_SEARCH_PATHS = (
					"$(inherited)",
					"@executable_path/Frameworks",
					"@loader_path/Frameworks",
				);
				MARKETING_VERSION = 1.0;
				PRODUCT_BUNDLE_IDENTIFIER = VK.VKFeediOSTests;
				PRODUCT_NAME = "$(TARGET_NAME)";
				SDKROOT = iphoneos;
				SWIFT_EMIT_LOC_STRINGS = NO;
				SWIFT_VERSION = 5.0;
				TARGETED_DEVICE_FAMILY = "1,2";
				VALIDATE_PRODUCT = YES;
			};
			name = Release;
		};
		67F9BB8E28173E1000B606BA /* Debug */ = {
			isa = XCBuildConfiguration;
			buildSettings = {
				CODE_SIGN_STYLE = Automatic;
				CURRENT_PROJECT_VERSION = 1;
				DEVELOPMENT_TEAM = Z9F52A55VD;
				GENERATE_INFOPLIST_FILE = YES;
				MACOSX_DEPLOYMENT_TARGET = 12.3;
				MARKETING_VERSION = 1.0;
				PRODUCT_BUNDLE_IDENTIFIER = VK.VKFeedCacheIntegrationTests;
				PRODUCT_NAME = "$(TARGET_NAME)";
				SUPPORTED_PLATFORMS = "macosx iphonesimulator iphoneos";
				SWIFT_EMIT_LOC_STRINGS = NO;
				SWIFT_VERSION = 5.0;
			};
			name = Debug;
		};
		67F9BB8F28173E1000B606BA /* Release */ = {
			isa = XCBuildConfiguration;
			buildSettings = {
				CODE_SIGN_STYLE = Automatic;
				CURRENT_PROJECT_VERSION = 1;
				DEVELOPMENT_TEAM = Z9F52A55VD;
				GENERATE_INFOPLIST_FILE = YES;
				MACOSX_DEPLOYMENT_TARGET = 12.3;
				MARKETING_VERSION = 1.0;
				PRODUCT_BUNDLE_IDENTIFIER = VK.VKFeedCacheIntegrationTests;
				PRODUCT_NAME = "$(TARGET_NAME)";
				SUPPORTED_PLATFORMS = "macosx iphonesimulator iphoneos";
				SWIFT_EMIT_LOC_STRINGS = NO;
				SWIFT_VERSION = 5.0;
			};
			name = Release;
		};
/* End XCBuildConfiguration section */

/* Begin XCConfigurationList section */
		67B4BBB22808DA64006CD939 /* Build configuration list for PBXNativeTarget "VKFeedAPIEndToEndTests" */ = {
			isa = XCConfigurationList;
			buildConfigurations = (
				67B4BBB02808DA64006CD939 /* Debug */,
				67B4BBB12808DA64006CD939 /* Release */,
			);
			defaultConfigurationIsVisible = 0;
			defaultConfigurationName = Release;
		};
		67F3F7AA2804664F0078CFEA /* Build configuration list for PBXProject "VKFeed" */ = {
			isa = XCConfigurationList;
			buildConfigurations = (
				67F3F7B72804664F0078CFEA /* Debug */,
				67F3F7B82804664F0078CFEA /* Release */,
			);
			defaultConfigurationIsVisible = 0;
			defaultConfigurationName = Release;
		};
		67F3F7B92804664F0078CFEA /* Build configuration list for PBXNativeTarget "VKFeed" */ = {
			isa = XCConfigurationList;
			buildConfigurations = (
				67F3F7BA2804664F0078CFEA /* Debug */,
				67F3F7BB2804664F0078CFEA /* Release */,
			);
			defaultConfigurationIsVisible = 0;
			defaultConfigurationName = Release;
		};
		67F3F7C9280466A00078CFEA /* Build configuration list for PBXNativeTarget "VKFeedTests" */ = {
			isa = XCConfigurationList;
			buildConfigurations = (
				67F3F7C7280466A00078CFEA /* Debug */,
				67F3F7C8280466A00078CFEA /* Release */,
			);
			defaultConfigurationIsVisible = 0;
			defaultConfigurationName = Release;
		};
		67F6BDDF281F4964004EB491 /* Build configuration list for PBXNativeTarget "VKFeediOS" */ = {
			isa = XCConfigurationList;
			buildConfigurations = (
				67F6BDE0281F4964004EB491 /* Debug */,
				67F6BDE1281F4964004EB491 /* Release */,
			);
			defaultConfigurationIsVisible = 0;
			defaultConfigurationName = Release;
		};
		67F6BDE2281F4964004EB491 /* Build configuration list for PBXNativeTarget "VKFeediOSTests" */ = {
			isa = XCConfigurationList;
			buildConfigurations = (
				67F6BDE3281F4964004EB491 /* Debug */,
				67F6BDE4281F4964004EB491 /* Release */,
			);
			defaultConfigurationIsVisible = 0;
			defaultConfigurationName = Release;
		};
		67F9BB8D28173E1000B606BA /* Build configuration list for PBXNativeTarget "VKFeedCacheIntegrationTests" */ = {
			isa = XCConfigurationList;
			buildConfigurations = (
				67F9BB8E28173E1000B606BA /* Debug */,
				67F9BB8F28173E1000B606BA /* Release */,
			);
			defaultConfigurationIsVisible = 0;
			defaultConfigurationName = Release;
		};
/* End XCConfigurationList section */

/* Begin XCVersionGroup section */
		67F9BB6A2816C59000B606BA /* FeedStore.xcdatamodeld */ = {
			isa = XCVersionGroup;
			children = (
				67F9BB6B2816C59000B606BA /* FeedStore.xcdatamodel */,
			);
			currentVersion = 67F9BB6B2816C59000B606BA /* FeedStore.xcdatamodel */;
			path = FeedStore.xcdatamodeld;
			sourceTree = "<group>";
			versionGroupType = wrapper.xcdatamodel;
		};
/* End XCVersionGroup section */
	};
	rootObject = 67F3F7A72804664F0078CFEA /* Project object */;
}
